
Microsoft Visual Studio Solution File, Format Version 12.00
# Visual Studio 2012
Project("{FAE04EC0-301F-11D3-BF4B-00C04F79EFBC}") = "BuildingYourFirstMobileGame", "BuildingYourFirstMobileGame\BuildingYourFirstMobileGame.csproj", "{05C1DA3E-79D2-4F1A-96F1-2E4816822085}"
EndProject
Project("{FAE04EC0-301F-11D3-BF4B-00C04F79EFBC}") = "MonoGame", "MonoGame\MonoGame\MonoGame.csproj", "{BDEC86D6-B5DF-419B-958D-197B684A0978}"
EndProject
Project("{FAE04EC0-301F-11D3-BF4B-00C04F79EFBC}") = "MonoGameContent", "MonoGame\MonoGameContent\MonoGameContent.contentproj", "{84EABA1F-1061-4948-9370-0DAFC68CD8B6}"
EndProject
Project("{FAE04EC0-301F-11D3-BF4B-00C04F79EFBC}") = "SkinnedModelData", "SkinnedModelData\SkinnedModelData.csproj", "{E45D0B81-FFDE-4432-999F-C23DE6044BDC}"
EndProject
Project("{FAE04EC0-301F-11D3-BF4B-00C04F79EFBC}") = "SkinnedModelPipeline", "SkinnedModelPipeline\SkinnedModelPipeline.csproj", "{5C5BA7FD-E1A7-43C1-9D28-4F36A567203A}"
EndProject
Project("{FAE04EC0-301F-11D3-BF4B-00C04F79EFBC}") = "SkinnedModelDataMonoGameDLL", "SkinnedModelDataMonoGameDLL\SkinnedModelDataMonoGameDLL.csproj", "{60A29A8F-FC7F-4941-9EBC-CFF8120CF5A2}"
EndProject
Global
	GlobalSection(SolutionConfigurationPlatforms) = preSolution
		Android|Any CPU = Android|Any CPU
		Android|Mixed Platforms = Android|Mixed Platforms
		Android|Windows Phone = Android|Windows Phone
		Android|x86 = Android|x86
		Debug|Any CPU = Debug|Any CPU
		Debug|Mixed Platforms = Debug|Mixed Platforms
		Debug|Windows Phone = Debug|Windows Phone
		Debug|x86 = Debug|x86
		iOS|Any CPU = iOS|Any CPU
		iOS|Mixed Platforms = iOS|Mixed Platforms
		iOS|Windows Phone = iOS|Windows Phone
		iOS|x86 = iOS|x86
		Linux|Any CPU = Linux|Any CPU
		Linux|Mixed Platforms = Linux|Mixed Platforms
		Linux|Windows Phone = Linux|Windows Phone
		Linux|x86 = Linux|x86
		OSX|Any CPU = OSX|Any CPU
		OSX|Mixed Platforms = OSX|Mixed Platforms
		OSX|Windows Phone = OSX|Windows Phone
		OSX|x86 = OSX|x86
		PSM|Any CPU = PSM|Any CPU
		PSM|Mixed Platforms = PSM|Mixed Platforms
		PSM|Windows Phone = PSM|Windows Phone
		PSM|x86 = PSM|x86
		Release|Any CPU = Release|Any CPU
		Release|Mixed Platforms = Release|Mixed Platforms
		Release|Windows Phone = Release|Windows Phone
		Release|x86 = Release|x86
		Windows|Any CPU = Windows|Any CPU
		Windows|Mixed Platforms = Windows|Mixed Platforms
		Windows|Windows Phone = Windows|Windows Phone
		Windows|x86 = Windows|x86
		Windows8|Any CPU = Windows8|Any CPU
		Windows8|Mixed Platforms = Windows8|Mixed Platforms
		Windows8|Windows Phone = Windows8|Windows Phone
		Windows8|x86 = Windows8|x86
	EndGlobalSection
	GlobalSection(ProjectConfigurationPlatforms) = postSolution
		{05C1DA3E-79D2-4F1A-96F1-2E4816822085}.Android|Any CPU.ActiveCfg = Release|x86
		{05C1DA3E-79D2-4F1A-96F1-2E4816822085}.Android|Mixed Platforms.ActiveCfg = Release|x86
		{05C1DA3E-79D2-4F1A-96F1-2E4816822085}.Android|Mixed Platforms.Build.0 = Release|x86
		{05C1DA3E-79D2-4F1A-96F1-2E4816822085}.Android|Windows Phone.ActiveCfg = Debug|x86
		{05C1DA3E-79D2-4F1A-96F1-2E4816822085}.Android|x86.ActiveCfg = Release|x86
		{05C1DA3E-79D2-4F1A-96F1-2E4816822085}.Android|x86.Build.0 = Release|x86
		{05C1DA3E-79D2-4F1A-96F1-2E4816822085}.Debug|Any CPU.ActiveCfg = Debug|x86
		{05C1DA3E-79D2-4F1A-96F1-2E4816822085}.Debug|Mixed Platforms.ActiveCfg = Debug|x86
		{05C1DA3E-79D2-4F1A-96F1-2E4816822085}.Debug|Mixed Platforms.Build.0 = Debug|x86
		{05C1DA3E-79D2-4F1A-96F1-2E4816822085}.Debug|Windows Phone.ActiveCfg = Debug|x86
		{05C1DA3E-79D2-4F1A-96F1-2E4816822085}.Debug|x86.ActiveCfg = Debug|x86
		{05C1DA3E-79D2-4F1A-96F1-2E4816822085}.Debug|x86.Build.0 = Debug|x86
		{05C1DA3E-79D2-4F1A-96F1-2E4816822085}.iOS|Any CPU.ActiveCfg = Release|x86
		{05C1DA3E-79D2-4F1A-96F1-2E4816822085}.iOS|Mixed Platforms.ActiveCfg = Release|x86
		{05C1DA3E-79D2-4F1A-96F1-2E4816822085}.iOS|Mixed Platforms.Build.0 = Release|x86
		{05C1DA3E-79D2-4F1A-96F1-2E4816822085}.iOS|Windows Phone.ActiveCfg = Debug|x86
		{05C1DA3E-79D2-4F1A-96F1-2E4816822085}.iOS|x86.ActiveCfg = Release|x86
		{05C1DA3E-79D2-4F1A-96F1-2E4816822085}.iOS|x86.Build.0 = Release|x86
		{05C1DA3E-79D2-4F1A-96F1-2E4816822085}.Linux|Any CPU.ActiveCfg = Release|x86
		{05C1DA3E-79D2-4F1A-96F1-2E4816822085}.Linux|Mixed Platforms.ActiveCfg = Release|x86
		{05C1DA3E-79D2-4F1A-96F1-2E4816822085}.Linux|Mixed Platforms.Build.0 = Release|x86
		{05C1DA3E-79D2-4F1A-96F1-2E4816822085}.Linux|Windows Phone.ActiveCfg = Debug|x86
		{05C1DA3E-79D2-4F1A-96F1-2E4816822085}.Linux|x86.ActiveCfg = Release|x86
		{05C1DA3E-79D2-4F1A-96F1-2E4816822085}.Linux|x86.Build.0 = Release|x86
		{05C1DA3E-79D2-4F1A-96F1-2E4816822085}.OSX|Any CPU.ActiveCfg = Release|x86
		{05C1DA3E-79D2-4F1A-96F1-2E4816822085}.OSX|Mixed Platforms.ActiveCfg = Release|x86
		{05C1DA3E-79D2-4F1A-96F1-2E4816822085}.OSX|Mixed Platforms.Build.0 = Release|x86
		{05C1DA3E-79D2-4F1A-96F1-2E4816822085}.OSX|Windows Phone.ActiveCfg = Debug|x86
		{05C1DA3E-79D2-4F1A-96F1-2E4816822085}.OSX|x86.ActiveCfg = Release|x86
		{05C1DA3E-79D2-4F1A-96F1-2E4816822085}.OSX|x86.Build.0 = Release|x86
		{05C1DA3E-79D2-4F1A-96F1-2E4816822085}.PSM|Any CPU.ActiveCfg = Release|x86
		{05C1DA3E-79D2-4F1A-96F1-2E4816822085}.PSM|Mixed Platforms.ActiveCfg = Release|x86
		{05C1DA3E-79D2-4F1A-96F1-2E4816822085}.PSM|Mixed Platforms.Build.0 = Release|x86
		{05C1DA3E-79D2-4F1A-96F1-2E4816822085}.PSM|Windows Phone.ActiveCfg = Debug|x86
		{05C1DA3E-79D2-4F1A-96F1-2E4816822085}.PSM|x86.ActiveCfg = Release|x86
		{05C1DA3E-79D2-4F1A-96F1-2E4816822085}.PSM|x86.Build.0 = Release|x86
		{05C1DA3E-79D2-4F1A-96F1-2E4816822085}.Release|Any CPU.ActiveCfg = Release|x86
		{05C1DA3E-79D2-4F1A-96F1-2E4816822085}.Release|Mixed Platforms.ActiveCfg = Release|x86
		{05C1DA3E-79D2-4F1A-96F1-2E4816822085}.Release|Mixed Platforms.Build.0 = Release|x86
		{05C1DA3E-79D2-4F1A-96F1-2E4816822085}.Release|Windows Phone.ActiveCfg = Release|x86
		{05C1DA3E-79D2-4F1A-96F1-2E4816822085}.Release|x86.ActiveCfg = Release|x86
		{05C1DA3E-79D2-4F1A-96F1-2E4816822085}.Release|x86.Build.0 = Release|x86
		{05C1DA3E-79D2-4F1A-96F1-2E4816822085}.Windows|Any CPU.ActiveCfg = Release|x86
		{05C1DA3E-79D2-4F1A-96F1-2E4816822085}.Windows|Mixed Platforms.ActiveCfg = Release|x86
		{05C1DA3E-79D2-4F1A-96F1-2E4816822085}.Windows|Mixed Platforms.Build.0 = Release|x86
		{05C1DA3E-79D2-4F1A-96F1-2E4816822085}.Windows|Windows Phone.ActiveCfg = Debug|x86
		{05C1DA3E-79D2-4F1A-96F1-2E4816822085}.Windows|x86.ActiveCfg = Release|x86
		{05C1DA3E-79D2-4F1A-96F1-2E4816822085}.Windows|x86.Build.0 = Release|x86
		{05C1DA3E-79D2-4F1A-96F1-2E4816822085}.Windows8|Any CPU.ActiveCfg = Release|x86
		{05C1DA3E-79D2-4F1A-96F1-2E4816822085}.Windows8|Mixed Platforms.ActiveCfg = Release|x86
		{05C1DA3E-79D2-4F1A-96F1-2E4816822085}.Windows8|Mixed Platforms.Build.0 = Release|x86
		{05C1DA3E-79D2-4F1A-96F1-2E4816822085}.Windows8|Windows Phone.ActiveCfg = Debug|x86
		{05C1DA3E-79D2-4F1A-96F1-2E4816822085}.Windows8|x86.ActiveCfg = Release|x86
		{05C1DA3E-79D2-4F1A-96F1-2E4816822085}.Windows8|x86.Build.0 = Release|x86
		{BDEC86D6-B5DF-419B-958D-197B684A0978}.Android|Any CPU.ActiveCfg = Android|Any CPU
		{BDEC86D6-B5DF-419B-958D-197B684A0978}.Android|Any CPU.Build.0 = Android|Any CPU
		{BDEC86D6-B5DF-419B-958D-197B684A0978}.Android|Mixed Platforms.ActiveCfg = Android|Any CPU
		{BDEC86D6-B5DF-419B-958D-197B684A0978}.Android|Mixed Platforms.Build.0 = Android|Any CPU
		{BDEC86D6-B5DF-419B-958D-197B684A0978}.Android|Windows Phone.ActiveCfg = Android|Any CPU
		{BDEC86D6-B5DF-419B-958D-197B684A0978}.Android|Windows Phone.Build.0 = Android|Any CPU
		{BDEC86D6-B5DF-419B-958D-197B684A0978}.Android|x86.ActiveCfg = Android|Any CPU
		{BDEC86D6-B5DF-419B-958D-197B684A0978}.Debug|Any CPU.ActiveCfg = PSM|Any CPU
		{BDEC86D6-B5DF-419B-958D-197B684A0978}.Debug|Any CPU.Build.0 = PSM|Any CPU
		{BDEC86D6-B5DF-419B-958D-197B684A0978}.Debug|Mixed Platforms.ActiveCfg = PSM|Any CPU
		{BDEC86D6-B5DF-419B-958D-197B684A0978}.Debug|Mixed Platforms.Build.0 = PSM|Any CPU
		{BDEC86D6-B5DF-419B-958D-197B684A0978}.Debug|Windows Phone.ActiveCfg = Windows8|Any CPU
		{BDEC86D6-B5DF-419B-958D-197B684A0978}.Debug|Windows Phone.Build.0 = Windows8|Any CPU
		{BDEC86D6-B5DF-419B-958D-197B684A0978}.Debug|x86.ActiveCfg = PSM|Any CPU
		{BDEC86D6-B5DF-419B-958D-197B684A0978}.iOS|Any CPU.ActiveCfg = iOS|Any CPU
		{BDEC86D6-B5DF-419B-958D-197B684A0978}.iOS|Any CPU.Build.0 = iOS|Any CPU
		{BDEC86D6-B5DF-419B-958D-197B684A0978}.iOS|Mixed Platforms.ActiveCfg = iOS|Any CPU
		{BDEC86D6-B5DF-419B-958D-197B684A0978}.iOS|Mixed Platforms.Build.0 = iOS|Any CPU
		{BDEC86D6-B5DF-419B-958D-197B684A0978}.iOS|Windows Phone.ActiveCfg = iOS|Any CPU
		{BDEC86D6-B5DF-419B-958D-197B684A0978}.iOS|Windows Phone.Build.0 = iOS|Any CPU
		{BDEC86D6-B5DF-419B-958D-197B684A0978}.iOS|x86.ActiveCfg = iOS|Any CPU
		{BDEC86D6-B5DF-419B-958D-197B684A0978}.Linux|Any CPU.ActiveCfg = Linux|Any CPU
		{BDEC86D6-B5DF-419B-958D-197B684A0978}.Linux|Any CPU.Build.0 = Linux|Any CPU
		{BDEC86D6-B5DF-419B-958D-197B684A0978}.Linux|Mixed Platforms.ActiveCfg = Linux|Any CPU
		{BDEC86D6-B5DF-419B-958D-197B684A0978}.Linux|Mixed Platforms.Build.0 = Linux|Any CPU
		{BDEC86D6-B5DF-419B-958D-197B684A0978}.Linux|Windows Phone.ActiveCfg = Linux|Any CPU
		{BDEC86D6-B5DF-419B-958D-197B684A0978}.Linux|Windows Phone.Build.0 = Linux|Any CPU
		{BDEC86D6-B5DF-419B-958D-197B684A0978}.Linux|x86.ActiveCfg = Linux|Any CPU
		{BDEC86D6-B5DF-419B-958D-197B684A0978}.OSX|Any CPU.ActiveCfg = OSX|Any CPU
		{BDEC86D6-B5DF-419B-958D-197B684A0978}.OSX|Any CPU.Build.0 = OSX|Any CPU
		{BDEC86D6-B5DF-419B-958D-197B684A0978}.OSX|Mixed Platforms.ActiveCfg = OSX|Any CPU
		{BDEC86D6-B5DF-419B-958D-197B684A0978}.OSX|Mixed Platforms.Build.0 = OSX|Any CPU
		{BDEC86D6-B5DF-419B-958D-197B684A0978}.OSX|Windows Phone.ActiveCfg = OSX|Any CPU
		{BDEC86D6-B5DF-419B-958D-197B684A0978}.OSX|Windows Phone.Build.0 = OSX|Any CPU
		{BDEC86D6-B5DF-419B-958D-197B684A0978}.OSX|x86.ActiveCfg = OSX|Any CPU
		{BDEC86D6-B5DF-419B-958D-197B684A0978}.PSM|Any CPU.ActiveCfg = PSM|Any CPU
		{BDEC86D6-B5DF-419B-958D-197B684A0978}.PSM|Any CPU.Build.0 = PSM|Any CPU
		{BDEC86D6-B5DF-419B-958D-197B684A0978}.PSM|Mixed Platforms.ActiveCfg = PSM|Any CPU
		{BDEC86D6-B5DF-419B-958D-197B684A0978}.PSM|Mixed Platforms.Build.0 = PSM|Any CPU
		{BDEC86D6-B5DF-419B-958D-197B684A0978}.PSM|Windows Phone.ActiveCfg = PSM|Any CPU
		{BDEC86D6-B5DF-419B-958D-197B684A0978}.PSM|Windows Phone.Build.0 = PSM|Any CPU
		{BDEC86D6-B5DF-419B-958D-197B684A0978}.PSM|x86.ActiveCfg = PSM|Any CPU
		{BDEC86D6-B5DF-419B-958D-197B684A0978}.Release|Any CPU.ActiveCfg = PSM|Any CPU
		{BDEC86D6-B5DF-419B-958D-197B684A0978}.Release|Any CPU.Build.0 = PSM|Any CPU
		{BDEC86D6-B5DF-419B-958D-197B684A0978}.Release|Mixed Platforms.ActiveCfg = PSM|Any CPU
		{BDEC86D6-B5DF-419B-958D-197B684A0978}.Release|Mixed Platforms.Build.0 = PSM|Any CPU
		{BDEC86D6-B5DF-419B-958D-197B684A0978}.Release|Windows Phone.ActiveCfg = Windows8|Any CPU
		{BDEC86D6-B5DF-419B-958D-197B684A0978}.Release|Windows Phone.Build.0 = Windows8|Any CPU
		{BDEC86D6-B5DF-419B-958D-197B684A0978}.Release|x86.ActiveCfg = PSM|Any CPU
		{BDEC86D6-B5DF-419B-958D-197B684A0978}.Windows|Any CPU.ActiveCfg = Windows|Any CPU
		{BDEC86D6-B5DF-419B-958D-197B684A0978}.Windows|Any CPU.Build.0 = Windows|Any CPU
		{BDEC86D6-B5DF-419B-958D-197B684A0978}.Windows|Mixed Platforms.ActiveCfg = Windows|Any CPU
		{BDEC86D6-B5DF-419B-958D-197B684A0978}.Windows|Mixed Platforms.Build.0 = Windows|Any CPU
		{BDEC86D6-B5DF-419B-958D-197B684A0978}.Windows|Windows Phone.ActiveCfg = Windows|Any CPU
		{BDEC86D6-B5DF-419B-958D-197B684A0978}.Windows|Windows Phone.Build.0 = Windows|Any CPU
		{BDEC86D6-B5DF-419B-958D-197B684A0978}.Windows|x86.ActiveCfg = Windows|Any CPU
		{BDEC86D6-B5DF-419B-958D-197B684A0978}.Windows8|Any CPU.ActiveCfg = Windows8|Any CPU
		{BDEC86D6-B5DF-419B-958D-197B684A0978}.Windows8|Any CPU.Build.0 = Windows8|Any CPU
		{BDEC86D6-B5DF-419B-958D-197B684A0978}.Windows8|Mixed Platforms.ActiveCfg = Windows8|Any CPU
		{BDEC86D6-B5DF-419B-958D-197B684A0978}.Windows8|Mixed Platforms.Build.0 = Windows8|Any CPU
		{BDEC86D6-B5DF-419B-958D-197B684A0978}.Windows8|Windows Phone.ActiveCfg = Windows8|Any CPU
		{BDEC86D6-B5DF-419B-958D-197B684A0978}.Windows8|Windows Phone.Build.0 = Windows8|Any CPU
		{BDEC86D6-B5DF-419B-958D-197B684A0978}.Windows8|x86.ActiveCfg = Windows8|Any CPU
		{84EABA1F-1061-4948-9370-0DAFC68CD8B6}.Android|Any CPU.ActiveCfg = Android|Any CPU
		{84EABA1F-1061-4948-9370-0DAFC68CD8B6}.Android|Mixed Platforms.ActiveCfg = Android|Any CPU
		{84EABA1F-1061-4948-9370-0DAFC68CD8B6}.Android|Windows Phone.ActiveCfg = Android|Any CPU
		{84EABA1F-1061-4948-9370-0DAFC68CD8B6}.Android|x86.ActiveCfg = Android|Any CPU
		{84EABA1F-1061-4948-9370-0DAFC68CD8B6}.Debug|Any CPU.ActiveCfg = PSM|Any CPU
		{84EABA1F-1061-4948-9370-0DAFC68CD8B6}.Debug|Mixed Platforms.ActiveCfg = PSM|Any CPU
		{84EABA1F-1061-4948-9370-0DAFC68CD8B6}.Debug|Windows Phone.ActiveCfg = Windows8|Any CPU
		{84EABA1F-1061-4948-9370-0DAFC68CD8B6}.Debug|x86.ActiveCfg = PSM|Any CPU
		{84EABA1F-1061-4948-9370-0DAFC68CD8B6}.iOS|Any CPU.ActiveCfg = iOS|Any CPU
		{84EABA1F-1061-4948-9370-0DAFC68CD8B6}.iOS|Mixed Platforms.ActiveCfg = iOS|Any CPU
		{84EABA1F-1061-4948-9370-0DAFC68CD8B6}.iOS|Windows Phone.ActiveCfg = iOS|Any CPU
		{84EABA1F-1061-4948-9370-0DAFC68CD8B6}.iOS|x86.ActiveCfg = iOS|Any CPU
		{84EABA1F-1061-4948-9370-0DAFC68CD8B6}.Linux|Any CPU.ActiveCfg = Linux|Any CPU
		{84EABA1F-1061-4948-9370-0DAFC68CD8B6}.Linux|Mixed Platforms.ActiveCfg = Linux|Any CPU
		{84EABA1F-1061-4948-9370-0DAFC68CD8B6}.Linux|Windows Phone.ActiveCfg = Linux|Any CPU
		{84EABA1F-1061-4948-9370-0DAFC68CD8B6}.Linux|x86.ActiveCfg = Linux|Any CPU
		{84EABA1F-1061-4948-9370-0DAFC68CD8B6}.OSX|Any CPU.ActiveCfg = OSX|Any CPU
		{84EABA1F-1061-4948-9370-0DAFC68CD8B6}.OSX|Mixed Platforms.ActiveCfg = OSX|Any CPU
		{84EABA1F-1061-4948-9370-0DAFC68CD8B6}.OSX|Windows Phone.ActiveCfg = OSX|Any CPU
		{84EABA1F-1061-4948-9370-0DAFC68CD8B6}.OSX|x86.ActiveCfg = OSX|Any CPU
		{84EABA1F-1061-4948-9370-0DAFC68CD8B6}.PSM|Any CPU.ActiveCfg = PSM|Any CPU
		{84EABA1F-1061-4948-9370-0DAFC68CD8B6}.PSM|Mixed Platforms.ActiveCfg = PSM|Any CPU
		{84EABA1F-1061-4948-9370-0DAFC68CD8B6}.PSM|Windows Phone.ActiveCfg = PSM|Any CPU
		{84EABA1F-1061-4948-9370-0DAFC68CD8B6}.PSM|x86.ActiveCfg = PSM|Any CPU
		{84EABA1F-1061-4948-9370-0DAFC68CD8B6}.Release|Any CPU.ActiveCfg = PSM|Any CPU
		{84EABA1F-1061-4948-9370-0DAFC68CD8B6}.Release|Mixed Platforms.ActiveCfg = PSM|Any CPU
		{84EABA1F-1061-4948-9370-0DAFC68CD8B6}.Release|Windows Phone.ActiveCfg = Windows8|Any CPU
		{84EABA1F-1061-4948-9370-0DAFC68CD8B6}.Release|x86.ActiveCfg = PSM|Any CPU
		{84EABA1F-1061-4948-9370-0DAFC68CD8B6}.Windows|Any CPU.ActiveCfg = Windows|Any CPU
		{84EABA1F-1061-4948-9370-0DAFC68CD8B6}.Windows|Mixed Platforms.ActiveCfg = Windows|Any CPU
		{84EABA1F-1061-4948-9370-0DAFC68CD8B6}.Windows|Windows Phone.ActiveCfg = Windows|Any CPU
		{84EABA1F-1061-4948-9370-0DAFC68CD8B6}.Windows|x86.ActiveCfg = Windows|Any CPU
		{84EABA1F-1061-4948-9370-0DAFC68CD8B6}.Windows8|Any CPU.ActiveCfg = Windows8|Any CPU
		{84EABA1F-1061-4948-9370-0DAFC68CD8B6}.Windows8|Mixed Platforms.ActiveCfg = Windows8|Any CPU
		{84EABA1F-1061-4948-9370-0DAFC68CD8B6}.Windows8|Windows Phone.ActiveCfg = Windows8|Any CPU
		{84EABA1F-1061-4948-9370-0DAFC68CD8B6}.Windows8|x86.ActiveCfg = Windows8|Any CPU
		{E45D0B81-FFDE-4432-999F-C23DE6044BDC}.Android|Any CPU.ActiveCfg = Release|Windows Phone
		{E45D0B81-FFDE-4432-999F-C23DE6044BDC}.Android|Mixed Platforms.ActiveCfg = Release|Windows Phone
		{E45D0B81-FFDE-4432-999F-C23DE6044BDC}.Android|Mixed Platforms.Build.0 = Release|Windows Phone
		{E45D0B81-FFDE-4432-999F-C23DE6044BDC}.Android|Windows Phone.ActiveCfg = Release|Windows Phone
		{E45D0B81-FFDE-4432-999F-C23DE6044BDC}.Android|Windows Phone.Build.0 = Release|Windows Phone
		{E45D0B81-FFDE-4432-999F-C23DE6044BDC}.Android|x86.ActiveCfg = Release|Windows Phone
		{E45D0B81-FFDE-4432-999F-C23DE6044BDC}.Debug|Any CPU.ActiveCfg = Debug|Windows Phone
		{E45D0B81-FFDE-4432-999F-C23DE6044BDC}.Debug|Mixed Platforms.ActiveCfg = Debug|Windows Phone
		{E45D0B81-FFDE-4432-999F-C23DE6044BDC}.Debug|Mixed Platforms.Build.0 = Debug|Windows Phone
		{E45D0B81-FFDE-4432-999F-C23DE6044BDC}.Debug|Windows Phone.ActiveCfg = Debug|Windows Phone
		{E45D0B81-FFDE-4432-999F-C23DE6044BDC}.Debug|Windows Phone.Build.0 = Debug|Windows Phone
		{E45D0B81-FFDE-4432-999F-C23DE6044BDC}.Debug|x86.ActiveCfg = Debug|Windows Phone
		{E45D0B81-FFDE-4432-999F-C23DE6044BDC}.iOS|Any CPU.ActiveCfg = Release|Windows Phone
		{E45D0B81-FFDE-4432-999F-C23DE6044BDC}.iOS|Mixed Platforms.ActiveCfg = Release|Windows Phone
		{E45D0B81-FFDE-4432-999F-C23DE6044BDC}.iOS|Mixed Platforms.Build.0 = Release|Windows Phone
		{E45D0B81-FFDE-4432-999F-C23DE6044BDC}.iOS|Windows Phone.ActiveCfg = Release|Windows Phone
		{E45D0B81-FFDE-4432-999F-C23DE6044BDC}.iOS|Windows Phone.Build.0 = Release|Windows Phone
		{E45D0B81-FFDE-4432-999F-C23DE6044BDC}.iOS|x86.ActiveCfg = Release|Windows Phone
		{E45D0B81-FFDE-4432-999F-C23DE6044BDC}.Linux|Any CPU.ActiveCfg = Release|Windows Phone
		{E45D0B81-FFDE-4432-999F-C23DE6044BDC}.Linux|Mixed Platforms.ActiveCfg = Release|Windows Phone
		{E45D0B81-FFDE-4432-999F-C23DE6044BDC}.Linux|Mixed Platforms.Build.0 = Release|Windows Phone
		{E45D0B81-FFDE-4432-999F-C23DE6044BDC}.Linux|Windows Phone.ActiveCfg = Release|Windows Phone
		{E45D0B81-FFDE-4432-999F-C23DE6044BDC}.Linux|Windows Phone.Build.0 = Release|Windows Phone
		{E45D0B81-FFDE-4432-999F-C23DE6044BDC}.Linux|x86.ActiveCfg = Release|Windows Phone
		{E45D0B81-FFDE-4432-999F-C23DE6044BDC}.OSX|Any CPU.ActiveCfg = Release|Windows Phone
		{E45D0B81-FFDE-4432-999F-C23DE6044BDC}.OSX|Mixed Platforms.ActiveCfg = Release|Windows Phone
		{E45D0B81-FFDE-4432-999F-C23DE6044BDC}.OSX|Mixed Platforms.Build.0 = Release|Windows Phone
		{E45D0B81-FFDE-4432-999F-C23DE6044BDC}.OSX|Windows Phone.ActiveCfg = Release|Windows Phone
		{E45D0B81-FFDE-4432-999F-C23DE6044BDC}.OSX|Windows Phone.Build.0 = Release|Windows Phone
		{E45D0B81-FFDE-4432-999F-C23DE6044BDC}.OSX|x86.ActiveCfg = Release|Windows Phone
		{E45D0B81-FFDE-4432-999F-C23DE6044BDC}.PSM|Any CPU.ActiveCfg = Release|Windows Phone
		{E45D0B81-FFDE-4432-999F-C23DE6044BDC}.PSM|Mixed Platforms.ActiveCfg = Release|Windows Phone
		{E45D0B81-FFDE-4432-999F-C23DE6044BDC}.PSM|Mixed Platforms.Build.0 = Release|Windows Phone
		{E45D0B81-FFDE-4432-999F-C23DE6044BDC}.PSM|Windows Phone.ActiveCfg = Release|Windows Phone
		{E45D0B81-FFDE-4432-999F-C23DE6044BDC}.PSM|Windows Phone.Build.0 = Release|Windows Phone
		{E45D0B81-FFDE-4432-999F-C23DE6044BDC}.PSM|x86.ActiveCfg = Release|Windows Phone
		{E45D0B81-FFDE-4432-999F-C23DE6044BDC}.Release|Any CPU.ActiveCfg = Release|Windows Phone
		{E45D0B81-FFDE-4432-999F-C23DE6044BDC}.Release|Mixed Platforms.ActiveCfg = Release|Windows Phone
		{E45D0B81-FFDE-4432-999F-C23DE6044BDC}.Release|Mixed Platforms.Build.0 = Release|Windows Phone
		{E45D0B81-FFDE-4432-999F-C23DE6044BDC}.Release|Windows Phone.ActiveCfg = Release|Windows Phone
		{E45D0B81-FFDE-4432-999F-C23DE6044BDC}.Release|Windows Phone.Build.0 = Release|Windows Phone
		{E45D0B81-FFDE-4432-999F-C23DE6044BDC}.Release|x86.ActiveCfg = Release|Windows Phone
		{E45D0B81-FFDE-4432-999F-C23DE6044BDC}.Windows|Any CPU.ActiveCfg = Release|Windows Phone
		{E45D0B81-FFDE-4432-999F-C23DE6044BDC}.Windows|Mixed Platforms.ActiveCfg = Release|Windows Phone
		{E45D0B81-FFDE-4432-999F-C23DE6044BDC}.Windows|Mixed Platforms.Build.0 = Release|Windows Phone
		{E45D0B81-FFDE-4432-999F-C23DE6044BDC}.Windows|Windows Phone.ActiveCfg = Release|Windows Phone
		{E45D0B81-FFDE-4432-999F-C23DE6044BDC}.Windows|Windows Phone.Build.0 = Release|Windows Phone
		{E45D0B81-FFDE-4432-999F-C23DE6044BDC}.Windows|x86.ActiveCfg = Release|Windows Phone
		{E45D0B81-FFDE-4432-999F-C23DE6044BDC}.Windows8|Any CPU.ActiveCfg = Release|Windows Phone
		{E45D0B81-FFDE-4432-999F-C23DE6044BDC}.Windows8|Mixed Platforms.ActiveCfg = Release|Windows Phone
		{E45D0B81-FFDE-4432-999F-C23DE6044BDC}.Windows8|Mixed Platforms.Build.0 = Release|Windows Phone
		{E45D0B81-FFDE-4432-999F-C23DE6044BDC}.Windows8|Windows Phone.ActiveCfg = Release|Windows Phone
		{E45D0B81-FFDE-4432-999F-C23DE6044BDC}.Windows8|Windows Phone.Build.0 = Release|Windows Phone
		{E45D0B81-FFDE-4432-999F-C23DE6044BDC}.Windows8|x86.ActiveCfg = Release|Windows Phone
		{5C5BA7FD-E1A7-43C1-9D28-4F36A567203A}.Android|Any CPU.ActiveCfg = Release|Any CPU
		{5C5BA7FD-E1A7-43C1-9D28-4F36A567203A}.Android|Any CPU.Build.0 = Release|Any CPU
		{5C5BA7FD-E1A7-43C1-9D28-4F36A567203A}.Android|Mixed Platforms.ActiveCfg = Release|Any CPU
		{5C5BA7FD-E1A7-43C1-9D28-4F36A567203A}.Android|Mixed Platforms.Build.0 = Release|Any CPU
		{5C5BA7FD-E1A7-43C1-9D28-4F36A567203A}.Android|Windows Phone.ActiveCfg = Release|Any CPU
		{5C5BA7FD-E1A7-43C1-9D28-4F36A567203A}.Android|x86.ActiveCfg = Release|Any CPU
		{5C5BA7FD-E1A7-43C1-9D28-4F36A567203A}.Debug|Any CPU.ActiveCfg = Debug|Any CPU
		{5C5BA7FD-E1A7-43C1-9D28-4F36A567203A}.Debug|Any CPU.Build.0 = Debug|Any CPU
		{5C5BA7FD-E1A7-43C1-9D28-4F36A567203A}.Debug|Mixed Platforms.ActiveCfg = Debug|Any CPU
		{5C5BA7FD-E1A7-43C1-9D28-4F36A567203A}.Debug|Mixed Platforms.Build.0 = Debug|Any CPU
		{5C5BA7FD-E1A7-43C1-9D28-4F36A567203A}.Debug|Windows Phone.ActiveCfg = Debug|Any CPU
		{5C5BA7FD-E1A7-43C1-9D28-4F36A567203A}.Debug|x86.ActiveCfg = Debug|Any CPU
		{5C5BA7FD-E1A7-43C1-9D28-4F36A567203A}.iOS|Any CPU.ActiveCfg = Release|Any CPU
		{5C5BA7FD-E1A7-43C1-9D28-4F36A567203A}.iOS|Any CPU.Build.0 = Release|Any CPU
		{5C5BA7FD-E1A7-43C1-9D28-4F36A567203A}.iOS|Mixed Platforms.ActiveCfg = Release|Any CPU
		{5C5BA7FD-E1A7-43C1-9D28-4F36A567203A}.iOS|Mixed Platforms.Build.0 = Release|Any CPU
		{5C5BA7FD-E1A7-43C1-9D28-4F36A567203A}.iOS|Windows Phone.ActiveCfg = Release|Any CPU
		{5C5BA7FD-E1A7-43C1-9D28-4F36A567203A}.iOS|x86.ActiveCfg = Release|Any CPU
		{5C5BA7FD-E1A7-43C1-9D28-4F36A567203A}.Linux|Any CPU.ActiveCfg = Release|Any CPU
		{5C5BA7FD-E1A7-43C1-9D28-4F36A567203A}.Linux|Any CPU.Build.0 = Release|Any CPU
		{5C5BA7FD-E1A7-43C1-9D28-4F36A567203A}.Linux|Mixed Platforms.ActiveCfg = Release|Any CPU
		{5C5BA7FD-E1A7-43C1-9D28-4F36A567203A}.Linux|Mixed Platforms.Build.0 = Release|Any CPU
		{5C5BA7FD-E1A7-43C1-9D28-4F36A567203A}.Linux|Windows Phone.ActiveCfg = Release|Any CPU
		{5C5BA7FD-E1A7-43C1-9D28-4F36A567203A}.Linux|x86.ActiveCfg = Release|Any CPU
		{5C5BA7FD-E1A7-43C1-9D28-4F36A567203A}.OSX|Any CPU.ActiveCfg = Release|Any CPU
		{5C5BA7FD-E1A7-43C1-9D28-4F36A567203A}.OSX|Any CPU.Build.0 = Release|Any CPU
		{5C5BA7FD-E1A7-43C1-9D28-4F36A567203A}.OSX|Mixed Platforms.ActiveCfg = Release|Any CPU
		{5C5BA7FD-E1A7-43C1-9D28-4F36A567203A}.OSX|Mixed Platforms.Build.0 = Release|Any CPU
		{5C5BA7FD-E1A7-43C1-9D28-4F36A567203A}.OSX|Windows Phone.ActiveCfg = Release|Any CPU
		{5C5BA7FD-E1A7-43C1-9D28-4F36A567203A}.OSX|x86.ActiveCfg = Release|Any CPU
		{5C5BA7FD-E1A7-43C1-9D28-4F36A567203A}.PSM|Any CPU.ActiveCfg = Release|Any CPU
		{5C5BA7FD-E1A7-43C1-9D28-4F36A567203A}.PSM|Any CPU.Build.0 = Release|Any CPU
		{5C5BA7FD-E1A7-43C1-9D28-4F36A567203A}.PSM|Mixed Platforms.ActiveCfg = Release|Any CPU
		{5C5BA7FD-E1A7-43C1-9D28-4F36A567203A}.PSM|Mixed Platforms.Build.0 = Release|Any CPU
		{5C5BA7FD-E1A7-43C1-9D28-4F36A567203A}.PSM|Windows Phone.ActiveCfg = Release|Any CPU
		{5C5BA7FD-E1A7-43C1-9D28-4F36A567203A}.PSM|x86.ActiveCfg = Release|Any CPU
		{5C5BA7FD-E1A7-43C1-9D28-4F36A567203A}.Release|Any CPU.ActiveCfg = Release|Any CPU
		{5C5BA7FD-E1A7-43C1-9D28-4F36A567203A}.Release|Any CPU.Build.0 = Release|Any CPU
		{5C5BA7FD-E1A7-43C1-9D28-4F36A567203A}.Release|Mixed Platforms.ActiveCfg = Release|Any CPU
		{5C5BA7FD-E1A7-43C1-9D28-4F36A567203A}.Release|Mixed Platforms.Build.0 = Release|Any CPU
		{5C5BA7FD-E1A7-43C1-9D28-4F36A567203A}.Release|Windows Phone.ActiveCfg = Release|Any CPU
		{5C5BA7FD-E1A7-43C1-9D28-4F36A567203A}.Release|x86.ActiveCfg = Release|Any CPU
		{5C5BA7FD-E1A7-43C1-9D28-4F36A567203A}.Windows|Any CPU.ActiveCfg = Release|Any CPU
		{5C5BA7FD-E1A7-43C1-9D28-4F36A567203A}.Windows|Any CPU.Build.0 = Release|Any CPU
		{5C5BA7FD-E1A7-43C1-9D28-4F36A567203A}.Windows|Mixed Platforms.ActiveCfg = Release|Any CPU
		{5C5BA7FD-E1A7-43C1-9D28-4F36A567203A}.Windows|Mixed Platforms.Build.0 = Release|Any CPU
		{5C5BA7FD-E1A7-43C1-9D28-4F36A567203A}.Windows|Windows Phone.ActiveCfg = Release|Any CPU
		{5C5BA7FD-E1A7-43C1-9D28-4F36A567203A}.Windows|x86.ActiveCfg = Release|Any CPU
		{5C5BA7FD-E1A7-43C1-9D28-4F36A567203A}.Windows8|Any CPU.ActiveCfg = Release|Any CPU
		{5C5BA7FD-E1A7-43C1-9D28-4F36A567203A}.Windows8|Any CPU.Build.0 = Release|Any CPU
		{5C5BA7FD-E1A7-43C1-9D28-4F36A567203A}.Windows8|Mixed Platforms.ActiveCfg = Release|Any CPU
		{5C5BA7FD-E1A7-43C1-9D28-4F36A567203A}.Windows8|Mixed Platforms.Build.0 = Release|Any CPU
		{5C5BA7FD-E1A7-43C1-9D28-4F36A567203A}.Windows8|Windows Phone.ActiveCfg = Release|Any CPU
		{5C5BA7FD-E1A7-43C1-9D28-4F36A567203A}.Windows8|x86.ActiveCfg = Release|Any CPU
		{60A29A8F-FC7F-4941-9EBC-CFF8120CF5A2}.Android|Any CPU.ActiveCfg = Release|Any CPU
		{60A29A8F-FC7F-4941-9EBC-CFF8120CF5A2}.Android|Any CPU.Build.0 = Release|Any CPU
		{60A29A8F-FC7F-4941-9EBC-CFF8120CF5A2}.Android|Mixed Platforms.ActiveCfg = Release|Any CPU
		{60A29A8F-FC7F-4941-9EBC-CFF8120CF5A2}.Android|Mixed Platforms.Build.0 = Release|Any CPU
		{60A29A8F-FC7F-4941-9EBC-CFF8120CF5A2}.Android|Windows Phone.ActiveCfg = Release|Any CPU
		{60A29A8F-FC7F-4941-9EBC-CFF8120CF5A2}.Android|x86.ActiveCfg = Release|Any CPU
		{60A29A8F-FC7F-4941-9EBC-CFF8120CF5A2}.Debug|Any CPU.ActiveCfg = Debug|Any CPU
		{60A29A8F-FC7F-4941-9EBC-CFF8120CF5A2}.Debug|Any CPU.Build.0 = Debug|Any CPU
		{60A29A8F-FC7F-4941-9EBC-CFF8120CF5A2}.Debug|Mixed Platforms.ActiveCfg = Debug|Any CPU
		{60A29A8F-FC7F-4941-9EBC-CFF8120CF5A2}.Debug|Mixed Platforms.Build.0 = Debug|Any CPU
		{60A29A8F-FC7F-4941-9EBC-CFF8120CF5A2}.Debug|Windows Phone.ActiveCfg = Debug|Any CPU
		{60A29A8F-FC7F-4941-9EBC-CFF8120CF5A2}.Debug|x86.ActiveCfg = Debug|Any CPU
		{60A29A8F-FC7F-4941-9EBC-CFF8120CF5A2}.iOS|Any CPU.ActiveCfg = Release|Any CPU
		{60A29A8F-FC7F-4941-9EBC-CFF8120CF5A2}.iOS|Any CPU.Build.0 = Release|Any CPU
		{60A29A8F-FC7F-4941-9EBC-CFF8120CF5A2}.iOS|Mixed Platforms.ActiveCfg = Release|Any CPU
		{60A29A8F-FC7F-4941-9EBC-CFF8120CF5A2}.iOS|Mixed Platforms.Build.0 = Release|Any CPU
		{60A29A8F-FC7F-4941-9EBC-CFF8120CF5A2}.iOS|Windows Phone.ActiveCfg = Release|Any CPU
		{60A29A8F-FC7F-4941-9EBC-CFF8120CF5A2}.iOS|x86.ActiveCfg = Release|Any CPU
		{60A29A8F-FC7F-4941-9EBC-CFF8120CF5A2}.Linux|Any CPU.ActiveCfg = Release|Any CPU
		{60A29A8F-FC7F-4941-9EBC-CFF8120CF5A2}.Linux|Any CPU.Build.0 = Release|Any CPU
		{60A29A8F-FC7F-4941-9EBC-CFF8120CF5A2}.Linux|Mixed Platforms.ActiveCfg = Release|Any CPU
		{60A29A8F-FC7F-4941-9EBC-CFF8120CF5A2}.Linux|Mixed Platforms.Build.0 = Release|Any CPU
		{60A29A8F-FC7F-4941-9EBC-CFF8120CF5A2}.Linux|Windows Phone.ActiveCfg = Release|Any CPU
		{60A29A8F-FC7F-4941-9EBC-CFF8120CF5A2}.Linux|x86.ActiveCfg = Release|Any CPU
		{60A29A8F-FC7F-4941-9EBC-CFF8120CF5A2}.OSX|Any CPU.ActiveCfg = Release|Any CPU
		{60A29A8F-FC7F-4941-9EBC-CFF8120CF5A2}.OSX|Any CPU.Build.0 = Release|Any CPU
		{60A29A8F-FC7F-4941-9EBC-CFF8120CF5A2}.OSX|Mixed Platforms.ActiveCfg = Release|Any CPU
		{60A29A8F-FC7F-4941-9EBC-CFF8120CF5A2}.OSX|Mixed Platforms.Build.0 = Release|Any CPU
		{60A29A8F-FC7F-4941-9EBC-CFF8120CF5A2}.OSX|Windows Phone.ActiveCfg = Release|Any CPU
		{60A29A8F-FC7F-4941-9EBC-CFF8120CF5A2}.OSX|x86.ActiveCfg = Release|Any CPU
		{60A29A8F-FC7F-4941-9EBC-CFF8120CF5A2}.PSM|Any CPU.ActiveCfg = Release|Any CPU
		{60A29A8F-FC7F-4941-9EBC-CFF8120CF5A2}.PSM|Any CPU.Build.0 = Release|Any CPU
		{60A29A8F-FC7F-4941-9EBC-CFF8120CF5A2}.PSM|Mixed Platforms.ActiveCfg = Release|Any CPU
		{60A29A8F-FC7F-4941-9EBC-CFF8120CF5A2}.PSM|Mixed Platforms.Build.0 = Release|Any CPU
		{60A29A8F-FC7F-4941-9EBC-CFF8120CF5A2}.PSM|Windows Phone.ActiveCfg = Release|Any CPU
		{60A29A8F-FC7F-4941-9EBC-CFF8120CF5A2}.PSM|x86.ActiveCfg = Release|Any CPU
		{60A29A8F-FC7F-4941-9EBC-CFF8120CF5A2}.Release|Any CPU.ActiveCfg = Release|Any CPU
		{60A29A8F-FC7F-4941-9EBC-CFF8120CF5A2}.Release|Any CPU.Build.0 = Release|Any CPU
		{60A29A8F-FC7F-4941-9EBC-CFF8120CF5A2}.Release|Mixed Platforms.ActiveCfg = Release|Any CPU
		{60A29A8F-FC7F-4941-9EBC-CFF8120CF5A2}.Release|Mixed Platforms.Build.0 = Release|Any CPU
		{60A29A8F-FC7F-4941-9EBC-CFF8120CF5A2}.Release|Windows Phone.ActiveCfg = Release|Any CPU
		{60A29A8F-FC7F-4941-9EBC-CFF8120CF5A2}.Release|x86.ActiveCfg = Release|Any CPU
		{60A29A8F-FC7F-4941-9EBC-CFF8120CF5A2}.Windows|Any CPU.ActiveCfg = Release|Any CPU
		{60A29A8F-FC7F-4941-9EBC-CFF8120CF5A2}.Windows|Any CPU.Build.0 = Release|Any CPU
		{60A29A8F-FC7F-4941-9EBC-CFF8120CF5A2}.Windows|Mixed Platforms.ActiveCfg = Release|Any CPU
		{60A29A8F-FC7F-4941-9EBC-CFF8120CF5A2}.Windows|Mixed Platforms.Build.0 = Release|Any CPU
		{60A29A8F-FC7F-4941-9EBC-CFF8120CF5A2}.Windows|Windows Phone.ActiveCfg = Release|Any CPU
		{60A29A8F-FC7F-4941-9EBC-CFF8120CF5A2}.Windows|x86.ActiveCfg = Release|Any CPU
		{60A29A8F-FC7F-4941-9EBC-CFF8120CF5A2}.Windows8|Any CPU.ActiveCfg = Release|Any CPU
		{60A29A8F-FC7F-4941-9EBC-CFF8120CF5A2}.Windows8|Any CPU.Build.0 = Release|Any CPU
		{60A29A8F-FC7F-4941-9EBC-CFF8120CF5A2}.Windows8|Mixed Platforms.ActiveCfg = Release|Any CPU
		{60A29A8F-FC7F-4941-9EBC-CFF8120CF5A2}.Windows8|Mixed Platforms.Build.0 = Release|Any CPU
		{60A29A8F-FC7F-4941-9EBC-CFF8120CF5A2}.Windows8|Windows Phone.ActiveCfg = Release|Any CPU
		{60A29A8F-FC7F-4941-9EBC-CFF8120CF5A2}.Windows8|x86.ActiveCfg = Release|Any CPU
	EndGlobalSection
	GlobalSection(SolutionProperties) = preSolution
		HideSolutionNode = FALSE
	EndGlobalSection
EndGlobal
