
Microsoft Visual Studio Solution File, Format Version 12.00
# Visual Studio 2012
Project("{FAE04EC0-301F-11D3-BF4B-00C04F79EFBC}") = "WindowsGL", "WindowsGL\WindowsGL.csproj", "{A8572343-E8A7-4597-86E1-3A033F811C41}"
EndProject
Project("{FAE04EC0-301F-11D3-BF4B-00C04F79EFBC}") = "Source", "Source\Source.csproj", "{31CA2A30-38F3-4320-9FF2-DC6D44F8430C}"
EndProject
Project("{FAE04EC0-301F-11D3-BF4B-00C04F79EFBC}") = "Content", "Content\Content\Content.contentproj", "{8393E6D5-67CE-4FB8-BCA6-648BDEFB0375}"
EndProject
Project("{FAE04EC0-301F-11D3-BF4B-00C04F79EFBC}") = "ContentLoader", "Content\ContentLoader\ContentLoader.csproj", "{787BE501-7148-445C-918E-7F477D21641D}"
EndProject
Project("{FAE04EC0-301F-11D3-BF4B-00C04F79EFBC}") = "SkinnedModelPipeline", "Content\SkinnedModelPipeline\SkinnedModelPipeline.csproj", "{C743E19B-C0C2-4E72-9E73-8782A6DEE469}"
EndProject
Project("{FAE04EC0-301F-11D3-BF4B-00C04F79EFBC}") = "SkinnedModelDataWriter", "Content\SkinnedModelData\SkinnedModelDataWriter.csproj", "{D811E796-211A-46DA-BCE7-6FA20929ABE7}"
EndProject
Global
	GlobalSection(SolutionConfigurationPlatforms) = preSolution
		Android|Any CPU = Android|Any CPU
		Android|ARM = Android|ARM
		Android|Mixed Platforms = Android|Mixed Platforms
		Android|Windows Phone = Android|Windows Phone
		Android|x64 = Android|x64
		Android|x86 = Android|x86
		Debug|Any CPU = Debug|Any CPU
		Debug|ARM = Debug|ARM
		Debug|Mixed Platforms = Debug|Mixed Platforms
		Debug|Windows Phone = Debug|Windows Phone
		Debug|x64 = Debug|x64
		Debug|x86 = Debug|x86
		iOS|Any CPU = iOS|Any CPU
		iOS|ARM = iOS|ARM
		iOS|Mixed Platforms = iOS|Mixed Platforms
		iOS|Windows Phone = iOS|Windows Phone
		iOS|x64 = iOS|x64
		iOS|x86 = iOS|x86
		Linux|Any CPU = Linux|Any CPU
		Linux|ARM = Linux|ARM
		Linux|Mixed Platforms = Linux|Mixed Platforms
		Linux|Windows Phone = Linux|Windows Phone
		Linux|x64 = Linux|x64
		Linux|x86 = Linux|x86
		OSX|Any CPU = OSX|Any CPU
		OSX|ARM = OSX|ARM
		OSX|Mixed Platforms = OSX|Mixed Platforms
		OSX|Windows Phone = OSX|Windows Phone
		OSX|x64 = OSX|x64
		OSX|x86 = OSX|x86
		PSM|Any CPU = PSM|Any CPU
		PSM|ARM = PSM|ARM
		PSM|Mixed Platforms = PSM|Mixed Platforms
		PSM|Windows Phone = PSM|Windows Phone
		PSM|x64 = PSM|x64
		PSM|x86 = PSM|x86
		Release|Any CPU = Release|Any CPU
		Release|ARM = Release|ARM
		Release|Mixed Platforms = Release|Mixed Platforms
		Release|Windows Phone = Release|Windows Phone
		Release|x64 = Release|x64
		Release|x86 = Release|x86
		Windows|Any CPU = Windows|Any CPU
		Windows|ARM = Windows|ARM
		Windows|Mixed Platforms = Windows|Mixed Platforms
		Windows|Windows Phone = Windows|Windows Phone
		Windows|x64 = Windows|x64
		Windows|x86 = Windows|x86
		Windows8|Any CPU = Windows8|Any CPU
		Windows8|ARM = Windows8|ARM
		Windows8|Mixed Platforms = Windows8|Mixed Platforms
		Windows8|Windows Phone = Windows8|Windows Phone
		Windows8|x64 = Windows8|x64
		Windows8|x86 = Windows8|x86
	EndGlobalSection
	GlobalSection(ProjectConfigurationPlatforms) = postSolution
		{A8572343-E8A7-4597-86E1-3A033F811C41}.Android|Any CPU.ActiveCfg = Release|x86
		{A8572343-E8A7-4597-86E1-3A033F811C41}.Android|ARM.ActiveCfg = Release|x86
		{A8572343-E8A7-4597-86E1-3A033F811C41}.Android|Mixed Platforms.ActiveCfg = Release|x86
		{A8572343-E8A7-4597-86E1-3A033F811C41}.Android|Mixed Platforms.Build.0 = Release|x86
		{A8572343-E8A7-4597-86E1-3A033F811C41}.Android|Windows Phone.ActiveCfg = Release|x86
		{A8572343-E8A7-4597-86E1-3A033F811C41}.Android|x64.ActiveCfg = Release|x86
		{A8572343-E8A7-4597-86E1-3A033F811C41}.Android|x86.ActiveCfg = Release|x86
		{A8572343-E8A7-4597-86E1-3A033F811C41}.Android|x86.Build.0 = Release|x86
		{A8572343-E8A7-4597-86E1-3A033F811C41}.Debug|Any CPU.ActiveCfg = Debug|x86
		{A8572343-E8A7-4597-86E1-3A033F811C41}.Debug|ARM.ActiveCfg = Debug|x86
		{A8572343-E8A7-4597-86E1-3A033F811C41}.Debug|Mixed Platforms.ActiveCfg = Debug|x86
		{A8572343-E8A7-4597-86E1-3A033F811C41}.Debug|Mixed Platforms.Build.0 = Debug|x86
		{A8572343-E8A7-4597-86E1-3A033F811C41}.Debug|Windows Phone.ActiveCfg = Debug|x86
		{A8572343-E8A7-4597-86E1-3A033F811C41}.Debug|x64.ActiveCfg = Debug|x86
		{A8572343-E8A7-4597-86E1-3A033F811C41}.Debug|x86.ActiveCfg = Debug|x86
		{A8572343-E8A7-4597-86E1-3A033F811C41}.Debug|x86.Build.0 = Debug|x86
		{A8572343-E8A7-4597-86E1-3A033F811C41}.iOS|Any CPU.ActiveCfg = Release|x86
		{A8572343-E8A7-4597-86E1-3A033F811C41}.iOS|ARM.ActiveCfg = Release|x86
		{A8572343-E8A7-4597-86E1-3A033F811C41}.iOS|Mixed Platforms.ActiveCfg = Release|x86
		{A8572343-E8A7-4597-86E1-3A033F811C41}.iOS|Mixed Platforms.Build.0 = Release|x86
		{A8572343-E8A7-4597-86E1-3A033F811C41}.iOS|Windows Phone.ActiveCfg = Release|x86
		{A8572343-E8A7-4597-86E1-3A033F811C41}.iOS|x64.ActiveCfg = Release|x86
		{A8572343-E8A7-4597-86E1-3A033F811C41}.iOS|x86.ActiveCfg = Release|x86
		{A8572343-E8A7-4597-86E1-3A033F811C41}.iOS|x86.Build.0 = Release|x86
		{A8572343-E8A7-4597-86E1-3A033F811C41}.Linux|Any CPU.ActiveCfg = Release|x86
		{A8572343-E8A7-4597-86E1-3A033F811C41}.Linux|ARM.ActiveCfg = Release|x86
		{A8572343-E8A7-4597-86E1-3A033F811C41}.Linux|Mixed Platforms.ActiveCfg = Release|x86
		{A8572343-E8A7-4597-86E1-3A033F811C41}.Linux|Mixed Platforms.Build.0 = Release|x86
		{A8572343-E8A7-4597-86E1-3A033F811C41}.Linux|Windows Phone.ActiveCfg = Release|x86
		{A8572343-E8A7-4597-86E1-3A033F811C41}.Linux|x64.ActiveCfg = Release|x86
		{A8572343-E8A7-4597-86E1-3A033F811C41}.Linux|x86.ActiveCfg = Release|x86
		{A8572343-E8A7-4597-86E1-3A033F811C41}.Linux|x86.Build.0 = Release|x86
		{A8572343-E8A7-4597-86E1-3A033F811C41}.OSX|Any CPU.ActiveCfg = Release|x86
		{A8572343-E8A7-4597-86E1-3A033F811C41}.OSX|ARM.ActiveCfg = Release|x86
		{A8572343-E8A7-4597-86E1-3A033F811C41}.OSX|Mixed Platforms.ActiveCfg = Release|x86
		{A8572343-E8A7-4597-86E1-3A033F811C41}.OSX|Mixed Platforms.Build.0 = Release|x86
		{A8572343-E8A7-4597-86E1-3A033F811C41}.OSX|Windows Phone.ActiveCfg = Release|x86
		{A8572343-E8A7-4597-86E1-3A033F811C41}.OSX|x64.ActiveCfg = Release|x86
		{A8572343-E8A7-4597-86E1-3A033F811C41}.OSX|x86.ActiveCfg = Release|x86
		{A8572343-E8A7-4597-86E1-3A033F811C41}.OSX|x86.Build.0 = Release|x86
		{A8572343-E8A7-4597-86E1-3A033F811C41}.PSM|Any CPU.ActiveCfg = Release|x86
		{A8572343-E8A7-4597-86E1-3A033F811C41}.PSM|ARM.ActiveCfg = Release|x86
		{A8572343-E8A7-4597-86E1-3A033F811C41}.PSM|Mixed Platforms.ActiveCfg = Release|x86
		{A8572343-E8A7-4597-86E1-3A033F811C41}.PSM|Mixed Platforms.Build.0 = Release|x86
		{A8572343-E8A7-4597-86E1-3A033F811C41}.PSM|Windows Phone.ActiveCfg = Release|x86
		{A8572343-E8A7-4597-86E1-3A033F811C41}.PSM|x64.ActiveCfg = Release|x86
		{A8572343-E8A7-4597-86E1-3A033F811C41}.PSM|x86.ActiveCfg = Release|x86
		{A8572343-E8A7-4597-86E1-3A033F811C41}.PSM|x86.Build.0 = Release|x86
		{A8572343-E8A7-4597-86E1-3A033F811C41}.Release|Any CPU.ActiveCfg = Release|x86
		{A8572343-E8A7-4597-86E1-3A033F811C41}.Release|ARM.ActiveCfg = Release|x86
		{A8572343-E8A7-4597-86E1-3A033F811C41}.Release|Mixed Platforms.ActiveCfg = Release|x86
		{A8572343-E8A7-4597-86E1-3A033F811C41}.Release|Mixed Platforms.Build.0 = Release|x86
		{A8572343-E8A7-4597-86E1-3A033F811C41}.Release|Windows Phone.ActiveCfg = Release|x86
		{A8572343-E8A7-4597-86E1-3A033F811C41}.Release|x64.ActiveCfg = Release|x86
		{A8572343-E8A7-4597-86E1-3A033F811C41}.Release|x86.ActiveCfg = Release|x86
		{A8572343-E8A7-4597-86E1-3A033F811C41}.Release|x86.Build.0 = Release|x86
		{A8572343-E8A7-4597-86E1-3A033F811C41}.Windows|Any CPU.ActiveCfg = Release|x86
		{A8572343-E8A7-4597-86E1-3A033F811C41}.Windows|ARM.ActiveCfg = Release|x86
		{A8572343-E8A7-4597-86E1-3A033F811C41}.Windows|Mixed Platforms.ActiveCfg = Release|x86
		{A8572343-E8A7-4597-86E1-3A033F811C41}.Windows|Mixed Platforms.Build.0 = Release|x86
		{A8572343-E8A7-4597-86E1-3A033F811C41}.Windows|Windows Phone.ActiveCfg = Release|x86
		{A8572343-E8A7-4597-86E1-3A033F811C41}.Windows|x64.ActiveCfg = Release|x86
		{A8572343-E8A7-4597-86E1-3A033F811C41}.Windows|x86.ActiveCfg = Release|x86
		{A8572343-E8A7-4597-86E1-3A033F811C41}.Windows|x86.Build.0 = Release|x86
		{A8572343-E8A7-4597-86E1-3A033F811C41}.Windows8|Any CPU.ActiveCfg = Release|x86
		{A8572343-E8A7-4597-86E1-3A033F811C41}.Windows8|ARM.ActiveCfg = Release|x86
		{A8572343-E8A7-4597-86E1-3A033F811C41}.Windows8|Mixed Platforms.ActiveCfg = Release|x86
		{A8572343-E8A7-4597-86E1-3A033F811C41}.Windows8|Mixed Platforms.Build.0 = Release|x86
		{A8572343-E8A7-4597-86E1-3A033F811C41}.Windows8|Windows Phone.ActiveCfg = Release|x86
		{A8572343-E8A7-4597-86E1-3A033F811C41}.Windows8|x64.ActiveCfg = Release|x86
		{A8572343-E8A7-4597-86E1-3A033F811C41}.Windows8|x86.ActiveCfg = Release|x86
		{A8572343-E8A7-4597-86E1-3A033F811C41}.Windows8|x86.Build.0 = Release|x86
		{31CA2A30-38F3-4320-9FF2-DC6D44F8430C}.Android|Any CPU.ActiveCfg = Release|Any CPU
		{31CA2A30-38F3-4320-9FF2-DC6D44F8430C}.Android|Any CPU.Build.0 = Release|Any CPU
		{31CA2A30-38F3-4320-9FF2-DC6D44F8430C}.Android|ARM.ActiveCfg = Release|Any CPU
		{31CA2A30-38F3-4320-9FF2-DC6D44F8430C}.Android|Mixed Platforms.ActiveCfg = Release|Any CPU
		{31CA2A30-38F3-4320-9FF2-DC6D44F8430C}.Android|Mixed Platforms.Build.0 = Release|Any CPU
		{31CA2A30-38F3-4320-9FF2-DC6D44F8430C}.Android|Windows Phone.ActiveCfg = Release|Any CPU
		{31CA2A30-38F3-4320-9FF2-DC6D44F8430C}.Android|x64.ActiveCfg = Release|Any CPU
		{31CA2A30-38F3-4320-9FF2-DC6D44F8430C}.Android|x86.ActiveCfg = Release|Any CPU
		{31CA2A30-38F3-4320-9FF2-DC6D44F8430C}.Debug|Any CPU.ActiveCfg = Debug|Any CPU
		{31CA2A30-38F3-4320-9FF2-DC6D44F8430C}.Debug|Any CPU.Build.0 = Debug|Any CPU
		{31CA2A30-38F3-4320-9FF2-DC6D44F8430C}.Debug|ARM.ActiveCfg = Debug|Any CPU
		{31CA2A30-38F3-4320-9FF2-DC6D44F8430C}.Debug|Mixed Platforms.ActiveCfg = Debug|Any CPU
		{31CA2A30-38F3-4320-9FF2-DC6D44F8430C}.Debug|Mixed Platforms.Build.0 = Debug|Any CPU
		{31CA2A30-38F3-4320-9FF2-DC6D44F8430C}.Debug|Windows Phone.ActiveCfg = Debug|Any CPU
		{31CA2A30-38F3-4320-9FF2-DC6D44F8430C}.Debug|x64.ActiveCfg = Debug|Any CPU
		{31CA2A30-38F3-4320-9FF2-DC6D44F8430C}.Debug|x86.ActiveCfg = Debug|Any CPU
		{31CA2A30-38F3-4320-9FF2-DC6D44F8430C}.iOS|Any CPU.ActiveCfg = Release|Any CPU
		{31CA2A30-38F3-4320-9FF2-DC6D44F8430C}.iOS|Any CPU.Build.0 = Release|Any CPU
		{31CA2A30-38F3-4320-9FF2-DC6D44F8430C}.iOS|ARM.ActiveCfg = Release|Any CPU
		{31CA2A30-38F3-4320-9FF2-DC6D44F8430C}.iOS|Mixed Platforms.ActiveCfg = Release|Any CPU
		{31CA2A30-38F3-4320-9FF2-DC6D44F8430C}.iOS|Mixed Platforms.Build.0 = Release|Any CPU
		{31CA2A30-38F3-4320-9FF2-DC6D44F8430C}.iOS|Windows Phone.ActiveCfg = Release|Any CPU
		{31CA2A30-38F3-4320-9FF2-DC6D44F8430C}.iOS|x64.ActiveCfg = Release|Any CPU
		{31CA2A30-38F3-4320-9FF2-DC6D44F8430C}.iOS|x86.ActiveCfg = Release|Any CPU
		{31CA2A30-38F3-4320-9FF2-DC6D44F8430C}.Linux|Any CPU.ActiveCfg = Release|Any CPU
		{31CA2A30-38F3-4320-9FF2-DC6D44F8430C}.Linux|Any CPU.Build.0 = Release|Any CPU
		{31CA2A30-38F3-4320-9FF2-DC6D44F8430C}.Linux|ARM.ActiveCfg = Release|Any CPU
		{31CA2A30-38F3-4320-9FF2-DC6D44F8430C}.Linux|Mixed Platforms.ActiveCfg = Release|Any CPU
		{31CA2A30-38F3-4320-9FF2-DC6D44F8430C}.Linux|Mixed Platforms.Build.0 = Release|Any CPU
		{31CA2A30-38F3-4320-9FF2-DC6D44F8430C}.Linux|Windows Phone.ActiveCfg = Release|Any CPU
		{31CA2A30-38F3-4320-9FF2-DC6D44F8430C}.Linux|x64.ActiveCfg = Release|Any CPU
		{31CA2A30-38F3-4320-9FF2-DC6D44F8430C}.Linux|x86.ActiveCfg = Release|Any CPU
		{31CA2A30-38F3-4320-9FF2-DC6D44F8430C}.OSX|Any CPU.ActiveCfg = Release|Any CPU
		{31CA2A30-38F3-4320-9FF2-DC6D44F8430C}.OSX|Any CPU.Build.0 = Release|Any CPU
		{31CA2A30-38F3-4320-9FF2-DC6D44F8430C}.OSX|ARM.ActiveCfg = Release|Any CPU
		{31CA2A30-38F3-4320-9FF2-DC6D44F8430C}.OSX|Mixed Platforms.ActiveCfg = Release|Any CPU
		{31CA2A30-38F3-4320-9FF2-DC6D44F8430C}.OSX|Mixed Platforms.Build.0 = Release|Any CPU
		{31CA2A30-38F3-4320-9FF2-DC6D44F8430C}.OSX|Windows Phone.ActiveCfg = Release|Any CPU
		{31CA2A30-38F3-4320-9FF2-DC6D44F8430C}.OSX|x64.ActiveCfg = Release|Any CPU
		{31CA2A30-38F3-4320-9FF2-DC6D44F8430C}.OSX|x86.ActiveCfg = Release|Any CPU
		{31CA2A30-38F3-4320-9FF2-DC6D44F8430C}.PSM|Any CPU.ActiveCfg = Release|Any CPU
		{31CA2A30-38F3-4320-9FF2-DC6D44F8430C}.PSM|Any CPU.Build.0 = Release|Any CPU
		{31CA2A30-38F3-4320-9FF2-DC6D44F8430C}.PSM|ARM.ActiveCfg = Release|Any CPU
		{31CA2A30-38F3-4320-9FF2-DC6D44F8430C}.PSM|Mixed Platforms.ActiveCfg = Release|Any CPU
		{31CA2A30-38F3-4320-9FF2-DC6D44F8430C}.PSM|Mixed Platforms.Build.0 = Release|Any CPU
		{31CA2A30-38F3-4320-9FF2-DC6D44F8430C}.PSM|Windows Phone.ActiveCfg = Release|Any CPU
		{31CA2A30-38F3-4320-9FF2-DC6D44F8430C}.PSM|x64.ActiveCfg = Release|Any CPU
		{31CA2A30-38F3-4320-9FF2-DC6D44F8430C}.PSM|x86.ActiveCfg = Release|Any CPU
		{31CA2A30-38F3-4320-9FF2-DC6D44F8430C}.Release|Any CPU.ActiveCfg = Release|Any CPU
		{31CA2A30-38F3-4320-9FF2-DC6D44F8430C}.Release|Any CPU.Build.0 = Release|Any CPU
		{31CA2A30-38F3-4320-9FF2-DC6D44F8430C}.Release|ARM.ActiveCfg = Release|Any CPU
		{31CA2A30-38F3-4320-9FF2-DC6D44F8430C}.Release|Mixed Platforms.ActiveCfg = Release|Any CPU
		{31CA2A30-38F3-4320-9FF2-DC6D44F8430C}.Release|Mixed Platforms.Build.0 = Release|Any CPU
		{31CA2A30-38F3-4320-9FF2-DC6D44F8430C}.Release|Windows Phone.ActiveCfg = Release|Any CPU
		{31CA2A30-38F3-4320-9FF2-DC6D44F8430C}.Release|x64.ActiveCfg = Release|Any CPU
		{31CA2A30-38F3-4320-9FF2-DC6D44F8430C}.Release|x86.ActiveCfg = Release|Any CPU
		{31CA2A30-38F3-4320-9FF2-DC6D44F8430C}.Windows|Any CPU.ActiveCfg = Release|Any CPU
		{31CA2A30-38F3-4320-9FF2-DC6D44F8430C}.Windows|Any CPU.Build.0 = Release|Any CPU
		{31CA2A30-38F3-4320-9FF2-DC6D44F8430C}.Windows|ARM.ActiveCfg = Release|Any CPU
		{31CA2A30-38F3-4320-9FF2-DC6D44F8430C}.Windows|Mixed Platforms.ActiveCfg = Release|Any CPU
		{31CA2A30-38F3-4320-9FF2-DC6D44F8430C}.Windows|Mixed Platforms.Build.0 = Release|Any CPU
		{31CA2A30-38F3-4320-9FF2-DC6D44F8430C}.Windows|Windows Phone.ActiveCfg = Release|Any CPU
		{31CA2A30-38F3-4320-9FF2-DC6D44F8430C}.Windows|x64.ActiveCfg = Release|Any CPU
		{31CA2A30-38F3-4320-9FF2-DC6D44F8430C}.Windows|x86.ActiveCfg = Release|Any CPU
		{31CA2A30-38F3-4320-9FF2-DC6D44F8430C}.Windows8|Any CPU.ActiveCfg = Release|Any CPU
		{31CA2A30-38F3-4320-9FF2-DC6D44F8430C}.Windows8|Any CPU.Build.0 = Release|Any CPU
		{31CA2A30-38F3-4320-9FF2-DC6D44F8430C}.Windows8|ARM.ActiveCfg = Release|Any CPU
		{31CA2A30-38F3-4320-9FF2-DC6D44F8430C}.Windows8|Mixed Platforms.ActiveCfg = Release|Any CPU
		{31CA2A30-38F3-4320-9FF2-DC6D44F8430C}.Windows8|Mixed Platforms.Build.0 = Release|Any CPU
		{31CA2A30-38F3-4320-9FF2-DC6D44F8430C}.Windows8|Windows Phone.ActiveCfg = Release|Any CPU
		{31CA2A30-38F3-4320-9FF2-DC6D44F8430C}.Windows8|x64.ActiveCfg = Release|Any CPU
		{31CA2A30-38F3-4320-9FF2-DC6D44F8430C}.Windows8|x86.ActiveCfg = Release|Any CPU
		{8393E6D5-67CE-4FB8-BCA6-648BDEFB0375}.Android|Any CPU.ActiveCfg = Debug|Any CPU
		{8393E6D5-67CE-4FB8-BCA6-648BDEFB0375}.Android|ARM.ActiveCfg = Debug|Any CPU
		{8393E6D5-67CE-4FB8-BCA6-648BDEFB0375}.Android|Mixed Platforms.ActiveCfg = Debug|Any CPU
		{8393E6D5-67CE-4FB8-BCA6-648BDEFB0375}.Android|Windows Phone.ActiveCfg = Debug|Any CPU
		{8393E6D5-67CE-4FB8-BCA6-648BDEFB0375}.Android|x64.ActiveCfg = Debug|Any CPU
		{8393E6D5-67CE-4FB8-BCA6-648BDEFB0375}.Android|x86.ActiveCfg = Debug|Any CPU
		{8393E6D5-67CE-4FB8-BCA6-648BDEFB0375}.Debug|Any CPU.ActiveCfg = Debug|Any CPU
		{8393E6D5-67CE-4FB8-BCA6-648BDEFB0375}.Debug|ARM.ActiveCfg = Debug|Any CPU
		{8393E6D5-67CE-4FB8-BCA6-648BDEFB0375}.Debug|Mixed Platforms.ActiveCfg = Debug|Any CPU
		{8393E6D5-67CE-4FB8-BCA6-648BDEFB0375}.Debug|Windows Phone.ActiveCfg = Debug|Any CPU
		{8393E6D5-67CE-4FB8-BCA6-648BDEFB0375}.Debug|x64.ActiveCfg = Debug|Any CPU
		{8393E6D5-67CE-4FB8-BCA6-648BDEFB0375}.Debug|x86.ActiveCfg = Debug|Any CPU
		{8393E6D5-67CE-4FB8-BCA6-648BDEFB0375}.iOS|Any CPU.ActiveCfg = Debug|Any CPU
		{8393E6D5-67CE-4FB8-BCA6-648BDEFB0375}.iOS|ARM.ActiveCfg = Debug|Any CPU
		{8393E6D5-67CE-4FB8-BCA6-648BDEFB0375}.iOS|Mixed Platforms.ActiveCfg = Debug|Any CPU
		{8393E6D5-67CE-4FB8-BCA6-648BDEFB0375}.iOS|Windows Phone.ActiveCfg = Debug|Any CPU
		{8393E6D5-67CE-4FB8-BCA6-648BDEFB0375}.iOS|x64.ActiveCfg = Debug|Any CPU
		{8393E6D5-67CE-4FB8-BCA6-648BDEFB0375}.iOS|x86.ActiveCfg = Debug|Any CPU
		{8393E6D5-67CE-4FB8-BCA6-648BDEFB0375}.Linux|Any CPU.ActiveCfg = Debug|Any CPU
		{8393E6D5-67CE-4FB8-BCA6-648BDEFB0375}.Linux|ARM.ActiveCfg = Debug|Any CPU
		{8393E6D5-67CE-4FB8-BCA6-648BDEFB0375}.Linux|Mixed Platforms.ActiveCfg = Debug|Any CPU
		{8393E6D5-67CE-4FB8-BCA6-648BDEFB0375}.Linux|Windows Phone.ActiveCfg = Debug|Any CPU
		{8393E6D5-67CE-4FB8-BCA6-648BDEFB0375}.Linux|x64.ActiveCfg = Debug|Any CPU
		{8393E6D5-67CE-4FB8-BCA6-648BDEFB0375}.Linux|x86.ActiveCfg = Debug|Any CPU
		{8393E6D5-67CE-4FB8-BCA6-648BDEFB0375}.OSX|Any CPU.ActiveCfg = Debug|Any CPU
		{8393E6D5-67CE-4FB8-BCA6-648BDEFB0375}.OSX|ARM.ActiveCfg = Debug|Any CPU
		{8393E6D5-67CE-4FB8-BCA6-648BDEFB0375}.OSX|Mixed Platforms.ActiveCfg = Debug|Any CPU
		{8393E6D5-67CE-4FB8-BCA6-648BDEFB0375}.OSX|Windows Phone.ActiveCfg = Debug|Any CPU
		{8393E6D5-67CE-4FB8-BCA6-648BDEFB0375}.OSX|x64.ActiveCfg = Debug|Any CPU
		{8393E6D5-67CE-4FB8-BCA6-648BDEFB0375}.OSX|x86.ActiveCfg = Debug|Any CPU
		{8393E6D5-67CE-4FB8-BCA6-648BDEFB0375}.PSM|Any CPU.ActiveCfg = Debug|Any CPU
		{8393E6D5-67CE-4FB8-BCA6-648BDEFB0375}.PSM|ARM.ActiveCfg = Debug|Any CPU
		{8393E6D5-67CE-4FB8-BCA6-648BDEFB0375}.PSM|Mixed Platforms.ActiveCfg = Debug|Any CPU
		{8393E6D5-67CE-4FB8-BCA6-648BDEFB0375}.PSM|Windows Phone.ActiveCfg = Debug|Any CPU
		{8393E6D5-67CE-4FB8-BCA6-648BDEFB0375}.PSM|x64.ActiveCfg = Debug|Any CPU
		{8393E6D5-67CE-4FB8-BCA6-648BDEFB0375}.PSM|x86.ActiveCfg = Debug|Any CPU
		{8393E6D5-67CE-4FB8-BCA6-648BDEFB0375}.Release|Any CPU.ActiveCfg = Debug|Any CPU
		{8393E6D5-67CE-4FB8-BCA6-648BDEFB0375}.Release|ARM.ActiveCfg = Debug|Any CPU
		{8393E6D5-67CE-4FB8-BCA6-648BDEFB0375}.Release|Mixed Platforms.ActiveCfg = Debug|Any CPU
		{8393E6D5-67CE-4FB8-BCA6-648BDEFB0375}.Release|Windows Phone.ActiveCfg = Debug|Any CPU
		{8393E6D5-67CE-4FB8-BCA6-648BDEFB0375}.Release|x64.ActiveCfg = Debug|Any CPU
		{8393E6D5-67CE-4FB8-BCA6-648BDEFB0375}.Release|x86.ActiveCfg = Debug|Any CPU
		{8393E6D5-67CE-4FB8-BCA6-648BDEFB0375}.Windows|Any CPU.ActiveCfg = Debug|Any CPU
		{8393E6D5-67CE-4FB8-BCA6-648BDEFB0375}.Windows|ARM.ActiveCfg = Debug|Any CPU
		{8393E6D5-67CE-4FB8-BCA6-648BDEFB0375}.Windows|Mixed Platforms.ActiveCfg = Debug|Any CPU
		{8393E6D5-67CE-4FB8-BCA6-648BDEFB0375}.Windows|Windows Phone.ActiveCfg = Debug|Any CPU
		{8393E6D5-67CE-4FB8-BCA6-648BDEFB0375}.Windows|x64.ActiveCfg = Debug|Any CPU
		{8393E6D5-67CE-4FB8-BCA6-648BDEFB0375}.Windows|x86.ActiveCfg = Debug|Any CPU
		{8393E6D5-67CE-4FB8-BCA6-648BDEFB0375}.Windows8|Any CPU.ActiveCfg = Debug|Any CPU
		{8393E6D5-67CE-4FB8-BCA6-648BDEFB0375}.Windows8|ARM.ActiveCfg = Debug|Any CPU
		{8393E6D5-67CE-4FB8-BCA6-648BDEFB0375}.Windows8|Mixed Platforms.ActiveCfg = Debug|Any CPU
		{8393E6D5-67CE-4FB8-BCA6-648BDEFB0375}.Windows8|Windows Phone.ActiveCfg = Debug|Any CPU
		{8393E6D5-67CE-4FB8-BCA6-648BDEFB0375}.Windows8|x64.ActiveCfg = Debug|Any CPU
		{8393E6D5-67CE-4FB8-BCA6-648BDEFB0375}.Windows8|x86.ActiveCfg = Debug|Any CPU
		{787BE501-7148-445C-918E-7F477D21641D}.Android|Any CPU.ActiveCfg = Release|Windows Phone
		{787BE501-7148-445C-918E-7F477D21641D}.Android|ARM.ActiveCfg = Release|Windows Phone
		{787BE501-7148-445C-918E-7F477D21641D}.Android|Mixed Platforms.ActiveCfg = Release|Windows Phone
		{787BE501-7148-445C-918E-7F477D21641D}.Android|Mixed Platforms.Build.0 = Release|Windows Phone
		{787BE501-7148-445C-918E-7F477D21641D}.Android|Windows Phone.ActiveCfg = Release|Windows Phone
		{787BE501-7148-445C-918E-7F477D21641D}.Android|Windows Phone.Build.0 = Release|Windows Phone
		{787BE501-7148-445C-918E-7F477D21641D}.Android|x64.ActiveCfg = Release|Windows Phone
		{787BE501-7148-445C-918E-7F477D21641D}.Android|x86.ActiveCfg = Release|Windows Phone
		{787BE501-7148-445C-918E-7F477D21641D}.Debug|Any CPU.ActiveCfg = Debug|Windows Phone
		{787BE501-7148-445C-918E-7F477D21641D}.Debug|ARM.ActiveCfg = Debug|Windows Phone
		{787BE501-7148-445C-918E-7F477D21641D}.Debug|Mixed Platforms.ActiveCfg = Debug|Windows Phone
		{787BE501-7148-445C-918E-7F477D21641D}.Debug|Mixed Platforms.Build.0 = Debug|Windows Phone
		{787BE501-7148-445C-918E-7F477D21641D}.Debug|Windows Phone.ActiveCfg = Debug|Windows Phone
		{787BE501-7148-445C-918E-7F477D21641D}.Debug|Windows Phone.Build.0 = Debug|Windows Phone
		{787BE501-7148-445C-918E-7F477D21641D}.Debug|x64.ActiveCfg = Debug|Windows Phone
		{787BE501-7148-445C-918E-7F477D21641D}.Debug|x86.ActiveCfg = Debug|Windows Phone
		{787BE501-7148-445C-918E-7F477D21641D}.iOS|Any CPU.ActiveCfg = Release|Windows Phone
		{787BE501-7148-445C-918E-7F477D21641D}.iOS|ARM.ActiveCfg = Release|Windows Phone
		{787BE501-7148-445C-918E-7F477D21641D}.iOS|Mixed Platforms.ActiveCfg = Release|Windows Phone
		{787BE501-7148-445C-918E-7F477D21641D}.iOS|Mixed Platforms.Build.0 = Release|Windows Phone
		{787BE501-7148-445C-918E-7F477D21641D}.iOS|Windows Phone.ActiveCfg = Release|Windows Phone
		{787BE501-7148-445C-918E-7F477D21641D}.iOS|Windows Phone.Build.0 = Release|Windows Phone
		{787BE501-7148-445C-918E-7F477D21641D}.iOS|x64.ActiveCfg = Release|Windows Phone
		{787BE501-7148-445C-918E-7F477D21641D}.iOS|x86.ActiveCfg = Release|Windows Phone
		{787BE501-7148-445C-918E-7F477D21641D}.Linux|Any CPU.ActiveCfg = Release|Windows Phone
		{787BE501-7148-445C-918E-7F477D21641D}.Linux|ARM.ActiveCfg = Release|Windows Phone
		{787BE501-7148-445C-918E-7F477D21641D}.Linux|Mixed Platforms.ActiveCfg = Release|Windows Phone
		{787BE501-7148-445C-918E-7F477D21641D}.Linux|Mixed Platforms.Build.0 = Release|Windows Phone
		{787BE501-7148-445C-918E-7F477D21641D}.Linux|Windows Phone.ActiveCfg = Release|Windows Phone
		{787BE501-7148-445C-918E-7F477D21641D}.Linux|Windows Phone.Build.0 = Release|Windows Phone
		{787BE501-7148-445C-918E-7F477D21641D}.Linux|x64.ActiveCfg = Release|Windows Phone
		{787BE501-7148-445C-918E-7F477D21641D}.Linux|x86.ActiveCfg = Release|Windows Phone
		{787BE501-7148-445C-918E-7F477D21641D}.OSX|Any CPU.ActiveCfg = Release|Windows Phone
		{787BE501-7148-445C-918E-7F477D21641D}.OSX|ARM.ActiveCfg = Release|Windows Phone
		{787BE501-7148-445C-918E-7F477D21641D}.OSX|Mixed Platforms.ActiveCfg = Release|Windows Phone
		{787BE501-7148-445C-918E-7F477D21641D}.OSX|Mixed Platforms.Build.0 = Release|Windows Phone
		{787BE501-7148-445C-918E-7F477D21641D}.OSX|Windows Phone.ActiveCfg = Release|Windows Phone
		{787BE501-7148-445C-918E-7F477D21641D}.OSX|Windows Phone.Build.0 = Release|Windows Phone
		{787BE501-7148-445C-918E-7F477D21641D}.OSX|x64.ActiveCfg = Release|Windows Phone
		{787BE501-7148-445C-918E-7F477D21641D}.OSX|x86.ActiveCfg = Release|Windows Phone
		{787BE501-7148-445C-918E-7F477D21641D}.PSM|Any CPU.ActiveCfg = Release|Windows Phone
		{787BE501-7148-445C-918E-7F477D21641D}.PSM|ARM.ActiveCfg = Release|Windows Phone
		{787BE501-7148-445C-918E-7F477D21641D}.PSM|Mixed Platforms.ActiveCfg = Release|Windows Phone
		{787BE501-7148-445C-918E-7F477D21641D}.PSM|Mixed Platforms.Build.0 = Release|Windows Phone
		{787BE501-7148-445C-918E-7F477D21641D}.PSM|Windows Phone.ActiveCfg = Release|Windows Phone
		{787BE501-7148-445C-918E-7F477D21641D}.PSM|Windows Phone.Build.0 = Release|Windows Phone
		{787BE501-7148-445C-918E-7F477D21641D}.PSM|x64.ActiveCfg = Release|Windows Phone
		{787BE501-7148-445C-918E-7F477D21641D}.PSM|x86.ActiveCfg = Release|Windows Phone
		{787BE501-7148-445C-918E-7F477D21641D}.Release|Any CPU.ActiveCfg = Release|Windows Phone
		{787BE501-7148-445C-918E-7F477D21641D}.Release|ARM.ActiveCfg = Release|Windows Phone
		{787BE501-7148-445C-918E-7F477D21641D}.Release|Mixed Platforms.ActiveCfg = Release|Windows Phone
		{787BE501-7148-445C-918E-7F477D21641D}.Release|Mixed Platforms.Build.0 = Release|Windows Phone
		{787BE501-7148-445C-918E-7F477D21641D}.Release|Windows Phone.ActiveCfg = Release|Windows Phone
		{787BE501-7148-445C-918E-7F477D21641D}.Release|Windows Phone.Build.0 = Release|Windows Phone
		{787BE501-7148-445C-918E-7F477D21641D}.Release|x64.ActiveCfg = Release|Windows Phone
		{787BE501-7148-445C-918E-7F477D21641D}.Release|x86.ActiveCfg = Release|Windows Phone
		{787BE501-7148-445C-918E-7F477D21641D}.Windows|Any CPU.ActiveCfg = Release|Windows Phone
		{787BE501-7148-445C-918E-7F477D21641D}.Windows|ARM.ActiveCfg = Release|Windows Phone
		{787BE501-7148-445C-918E-7F477D21641D}.Windows|Mixed Platforms.ActiveCfg = Release|Windows Phone
		{787BE501-7148-445C-918E-7F477D21641D}.Windows|Mixed Platforms.Build.0 = Release|Windows Phone
		{787BE501-7148-445C-918E-7F477D21641D}.Windows|Windows Phone.ActiveCfg = Release|Windows Phone
		{787BE501-7148-445C-918E-7F477D21641D}.Windows|Windows Phone.Build.0 = Release|Windows Phone
		{787BE501-7148-445C-918E-7F477D21641D}.Windows|x64.ActiveCfg = Release|Windows Phone
		{787BE501-7148-445C-918E-7F477D21641D}.Windows|x86.ActiveCfg = Release|Windows Phone
		{787BE501-7148-445C-918E-7F477D21641D}.Windows8|Any CPU.ActiveCfg = Release|Windows Phone
		{787BE501-7148-445C-918E-7F477D21641D}.Windows8|ARM.ActiveCfg = Release|Windows Phone
		{787BE501-7148-445C-918E-7F477D21641D}.Windows8|Mixed Platforms.ActiveCfg = Release|Windows Phone
		{787BE501-7148-445C-918E-7F477D21641D}.Windows8|Mixed Platforms.Build.0 = Release|Windows Phone
		{787BE501-7148-445C-918E-7F477D21641D}.Windows8|Windows Phone.ActiveCfg = Release|Windows Phone
		{787BE501-7148-445C-918E-7F477D21641D}.Windows8|Windows Phone.Build.0 = Release|Windows Phone
		{787BE501-7148-445C-918E-7F477D21641D}.Windows8|x64.ActiveCfg = Release|Windows Phone
		{787BE501-7148-445C-918E-7F477D21641D}.Windows8|x86.ActiveCfg = Release|Windows Phone
		{C743E19B-C0C2-4E72-9E73-8782A6DEE469}.Android|Any CPU.ActiveCfg = Release|x86
		{C743E19B-C0C2-4E72-9E73-8782A6DEE469}.Android|Any CPU.Build.0 = Release|x86
		{C743E19B-C0C2-4E72-9E73-8782A6DEE469}.Android|ARM.ActiveCfg = Release|x86
		{C743E19B-C0C2-4E72-9E73-8782A6DEE469}.Android|ARM.Build.0 = Release|x86
		{C743E19B-C0C2-4E72-9E73-8782A6DEE469}.Android|Mixed Platforms.ActiveCfg = Release|x86
		{C743E19B-C0C2-4E72-9E73-8782A6DEE469}.Android|Mixed Platforms.Build.0 = Release|x86
		{C743E19B-C0C2-4E72-9E73-8782A6DEE469}.Android|Windows Phone.ActiveCfg = Release|x86
		{C743E19B-C0C2-4E72-9E73-8782A6DEE469}.Android|Windows Phone.Build.0 = Release|x86
		{C743E19B-C0C2-4E72-9E73-8782A6DEE469}.Android|x64.ActiveCfg = Release|x86
		{C743E19B-C0C2-4E72-9E73-8782A6DEE469}.Android|x64.Build.0 = Release|x86
		{C743E19B-C0C2-4E72-9E73-8782A6DEE469}.Android|x86.ActiveCfg = Release|x86
		{C743E19B-C0C2-4E72-9E73-8782A6DEE469}.Android|x86.Build.0 = Release|x86
		{C743E19B-C0C2-4E72-9E73-8782A6DEE469}.Debug|Any CPU.ActiveCfg = Debug|x86
		{C743E19B-C0C2-4E72-9E73-8782A6DEE469}.Debug|Any CPU.Build.0 = Debug|x86
		{C743E19B-C0C2-4E72-9E73-8782A6DEE469}.Debug|ARM.ActiveCfg = Debug|x86
		{C743E19B-C0C2-4E72-9E73-8782A6DEE469}.Debug|ARM.Build.0 = Debug|x86
		{C743E19B-C0C2-4E72-9E73-8782A6DEE469}.Debug|Mixed Platforms.ActiveCfg = Debug|x86
		{C743E19B-C0C2-4E72-9E73-8782A6DEE469}.Debug|Mixed Platforms.Build.0 = Debug|x86
		{C743E19B-C0C2-4E72-9E73-8782A6DEE469}.Debug|Windows Phone.ActiveCfg = Debug|x86
		{C743E19B-C0C2-4E72-9E73-8782A6DEE469}.Debug|Windows Phone.Build.0 = Debug|x86
		{C743E19B-C0C2-4E72-9E73-8782A6DEE469}.Debug|x64.ActiveCfg = Debug|x86
		{C743E19B-C0C2-4E72-9E73-8782A6DEE469}.Debug|x64.Build.0 = Debug|x86
		{C743E19B-C0C2-4E72-9E73-8782A6DEE469}.Debug|x86.ActiveCfg = Debug|x86
		{C743E19B-C0C2-4E72-9E73-8782A6DEE469}.Debug|x86.Build.0 = Debug|x86
		{C743E19B-C0C2-4E72-9E73-8782A6DEE469}.iOS|Any CPU.ActiveCfg = Release|x86
		{C743E19B-C0C2-4E72-9E73-8782A6DEE469}.iOS|Any CPU.Build.0 = Release|x86
		{C743E19B-C0C2-4E72-9E73-8782A6DEE469}.iOS|ARM.ActiveCfg = Release|x86
		{C743E19B-C0C2-4E72-9E73-8782A6DEE469}.iOS|ARM.Build.0 = Release|x86
		{C743E19B-C0C2-4E72-9E73-8782A6DEE469}.iOS|Mixed Platforms.ActiveCfg = Release|x86
		{C743E19B-C0C2-4E72-9E73-8782A6DEE469}.iOS|Mixed Platforms.Build.0 = Release|x86
		{C743E19B-C0C2-4E72-9E73-8782A6DEE469}.iOS|Windows Phone.ActiveCfg = Release|x86
		{C743E19B-C0C2-4E72-9E73-8782A6DEE469}.iOS|Windows Phone.Build.0 = Release|x86
		{C743E19B-C0C2-4E72-9E73-8782A6DEE469}.iOS|x64.ActiveCfg = Release|x86
		{C743E19B-C0C2-4E72-9E73-8782A6DEE469}.iOS|x64.Build.0 = Release|x86
		{C743E19B-C0C2-4E72-9E73-8782A6DEE469}.iOS|x86.ActiveCfg = Release|x86
		{C743E19B-C0C2-4E72-9E73-8782A6DEE469}.iOS|x86.Build.0 = Release|x86
		{C743E19B-C0C2-4E72-9E73-8782A6DEE469}.Linux|Any CPU.ActiveCfg = Release|x86
		{C743E19B-C0C2-4E72-9E73-8782A6DEE469}.Linux|Any CPU.Build.0 = Release|x86
		{C743E19B-C0C2-4E72-9E73-8782A6DEE469}.Linux|ARM.ActiveCfg = Release|x86
		{C743E19B-C0C2-4E72-9E73-8782A6DEE469}.Linux|ARM.Build.0 = Release|x86
		{C743E19B-C0C2-4E72-9E73-8782A6DEE469}.Linux|Mixed Platforms.ActiveCfg = Release|x86
		{C743E19B-C0C2-4E72-9E73-8782A6DEE469}.Linux|Mixed Platforms.Build.0 = Release|x86
		{C743E19B-C0C2-4E72-9E73-8782A6DEE469}.Linux|Windows Phone.ActiveCfg = Release|x86
		{C743E19B-C0C2-4E72-9E73-8782A6DEE469}.Linux|Windows Phone.Build.0 = Release|x86
		{C743E19B-C0C2-4E72-9E73-8782A6DEE469}.Linux|x64.ActiveCfg = Release|x86
		{C743E19B-C0C2-4E72-9E73-8782A6DEE469}.Linux|x64.Build.0 = Release|x86
		{C743E19B-C0C2-4E72-9E73-8782A6DEE469}.Linux|x86.ActiveCfg = Release|x86
		{C743E19B-C0C2-4E72-9E73-8782A6DEE469}.Linux|x86.Build.0 = Release|x86
		{C743E19B-C0C2-4E72-9E73-8782A6DEE469}.OSX|Any CPU.ActiveCfg = Release|x86
		{C743E19B-C0C2-4E72-9E73-8782A6DEE469}.OSX|Any CPU.Build.0 = Release|x86
		{C743E19B-C0C2-4E72-9E73-8782A6DEE469}.OSX|ARM.ActiveCfg = Release|x86
		{C743E19B-C0C2-4E72-9E73-8782A6DEE469}.OSX|ARM.Build.0 = Release|x86
		{C743E19B-C0C2-4E72-9E73-8782A6DEE469}.OSX|Mixed Platforms.ActiveCfg = Release|x86
		{C743E19B-C0C2-4E72-9E73-8782A6DEE469}.OSX|Mixed Platforms.Build.0 = Release|x86
		{C743E19B-C0C2-4E72-9E73-8782A6DEE469}.OSX|Windows Phone.ActiveCfg = Release|x86
		{C743E19B-C0C2-4E72-9E73-8782A6DEE469}.OSX|Windows Phone.Build.0 = Release|x86
		{C743E19B-C0C2-4E72-9E73-8782A6DEE469}.OSX|x64.ActiveCfg = Release|x86
		{C743E19B-C0C2-4E72-9E73-8782A6DEE469}.OSX|x64.Build.0 = Release|x86
		{C743E19B-C0C2-4E72-9E73-8782A6DEE469}.OSX|x86.ActiveCfg = Release|x86
		{C743E19B-C0C2-4E72-9E73-8782A6DEE469}.OSX|x86.Build.0 = Release|x86
		{C743E19B-C0C2-4E72-9E73-8782A6DEE469}.PSM|Any CPU.ActiveCfg = Release|x86
		{C743E19B-C0C2-4E72-9E73-8782A6DEE469}.PSM|Any CPU.Build.0 = Release|x86
		{C743E19B-C0C2-4E72-9E73-8782A6DEE469}.PSM|ARM.ActiveCfg = Release|x86
		{C743E19B-C0C2-4E72-9E73-8782A6DEE469}.PSM|ARM.Build.0 = Release|x86
		{C743E19B-C0C2-4E72-9E73-8782A6DEE469}.PSM|Mixed Platforms.ActiveCfg = Release|x86
		{C743E19B-C0C2-4E72-9E73-8782A6DEE469}.PSM|Mixed Platforms.Build.0 = Release|x86
		{C743E19B-C0C2-4E72-9E73-8782A6DEE469}.PSM|Windows Phone.ActiveCfg = Release|x86
		{C743E19B-C0C2-4E72-9E73-8782A6DEE469}.PSM|Windows Phone.Build.0 = Release|x86
		{C743E19B-C0C2-4E72-9E73-8782A6DEE469}.PSM|x64.ActiveCfg = Release|x86
		{C743E19B-C0C2-4E72-9E73-8782A6DEE469}.PSM|x64.Build.0 = Release|x86
		{C743E19B-C0C2-4E72-9E73-8782A6DEE469}.PSM|x86.ActiveCfg = Release|x86
		{C743E19B-C0C2-4E72-9E73-8782A6DEE469}.PSM|x86.Build.0 = Release|x86
		{C743E19B-C0C2-4E72-9E73-8782A6DEE469}.Release|Any CPU.ActiveCfg = Release|x86
		{C743E19B-C0C2-4E72-9E73-8782A6DEE469}.Release|Any CPU.Build.0 = Release|x86
		{C743E19B-C0C2-4E72-9E73-8782A6DEE469}.Release|ARM.ActiveCfg = Release|x86
		{C743E19B-C0C2-4E72-9E73-8782A6DEE469}.Release|ARM.Build.0 = Release|x86
		{C743E19B-C0C2-4E72-9E73-8782A6DEE469}.Release|Mixed Platforms.ActiveCfg = Release|x86
		{C743E19B-C0C2-4E72-9E73-8782A6DEE469}.Release|Mixed Platforms.Build.0 = Release|x86
		{C743E19B-C0C2-4E72-9E73-8782A6DEE469}.Release|Windows Phone.ActiveCfg = Release|x86
		{C743E19B-C0C2-4E72-9E73-8782A6DEE469}.Release|Windows Phone.Build.0 = Release|x86
		{C743E19B-C0C2-4E72-9E73-8782A6DEE469}.Release|x64.ActiveCfg = Release|x86
		{C743E19B-C0C2-4E72-9E73-8782A6DEE469}.Release|x64.Build.0 = Release|x86
		{C743E19B-C0C2-4E72-9E73-8782A6DEE469}.Release|x86.ActiveCfg = Release|x86
		{C743E19B-C0C2-4E72-9E73-8782A6DEE469}.Release|x86.Build.0 = Release|x86
		{C743E19B-C0C2-4E72-9E73-8782A6DEE469}.Windows|Any CPU.ActiveCfg = Release|x86
		{C743E19B-C0C2-4E72-9E73-8782A6DEE469}.Windows|Any CPU.Build.0 = Release|x86
		{C743E19B-C0C2-4E72-9E73-8782A6DEE469}.Windows|ARM.ActiveCfg = Release|x86
		{C743E19B-C0C2-4E72-9E73-8782A6DEE469}.Windows|ARM.Build.0 = Release|x86
		{C743E19B-C0C2-4E72-9E73-8782A6DEE469}.Windows|Mixed Platforms.ActiveCfg = Release|x86
		{C743E19B-C0C2-4E72-9E73-8782A6DEE469}.Windows|Mixed Platforms.Build.0 = Release|x86
		{C743E19B-C0C2-4E72-9E73-8782A6DEE469}.Windows|Windows Phone.ActiveCfg = Release|x86
		{C743E19B-C0C2-4E72-9E73-8782A6DEE469}.Windows|Windows Phone.Build.0 = Release|x86
		{C743E19B-C0C2-4E72-9E73-8782A6DEE469}.Windows|x64.ActiveCfg = Release|x86
		{C743E19B-C0C2-4E72-9E73-8782A6DEE469}.Windows|x64.Build.0 = Release|x86
		{C743E19B-C0C2-4E72-9E73-8782A6DEE469}.Windows|x86.ActiveCfg = Release|x86
		{C743E19B-C0C2-4E72-9E73-8782A6DEE469}.Windows|x86.Build.0 = Release|x86
		{C743E19B-C0C2-4E72-9E73-8782A6DEE469}.Windows8|Any CPU.ActiveCfg = Release|x86
		{C743E19B-C0C2-4E72-9E73-8782A6DEE469}.Windows8|Any CPU.Build.0 = Release|x86
		{C743E19B-C0C2-4E72-9E73-8782A6DEE469}.Windows8|ARM.ActiveCfg = Release|x86
		{C743E19B-C0C2-4E72-9E73-8782A6DEE469}.Windows8|ARM.Build.0 = Release|x86
		{C743E19B-C0C2-4E72-9E73-8782A6DEE469}.Windows8|Mixed Platforms.ActiveCfg = Release|x86
		{C743E19B-C0C2-4E72-9E73-8782A6DEE469}.Windows8|Mixed Platforms.Build.0 = Release|x86
		{C743E19B-C0C2-4E72-9E73-8782A6DEE469}.Windows8|Windows Phone.ActiveCfg = Release|x86
		{C743E19B-C0C2-4E72-9E73-8782A6DEE469}.Windows8|Windows Phone.Build.0 = Release|x86
		{C743E19B-C0C2-4E72-9E73-8782A6DEE469}.Windows8|x64.ActiveCfg = Release|x86
		{C743E19B-C0C2-4E72-9E73-8782A6DEE469}.Windows8|x64.Build.0 = Release|x86
		{C743E19B-C0C2-4E72-9E73-8782A6DEE469}.Windows8|x86.ActiveCfg = Release|x86
		{C743E19B-C0C2-4E72-9E73-8782A6DEE469}.Windows8|x86.Build.0 = Release|x86
		{D811E796-211A-46DA-BCE7-6FA20929ABE7}.Android|Any CPU.ActiveCfg = Release|Any CPU
		{D811E796-211A-46DA-BCE7-6FA20929ABE7}.Android|Any CPU.Build.0 = Release|Any CPU
		{D811E796-211A-46DA-BCE7-6FA20929ABE7}.Android|ARM.ActiveCfg = Release|Any CPU
		{D811E796-211A-46DA-BCE7-6FA20929ABE7}.Android|Mixed Platforms.ActiveCfg = Release|Any CPU
		{D811E796-211A-46DA-BCE7-6FA20929ABE7}.Android|Mixed Platforms.Build.0 = Release|Any CPU
		{D811E796-211A-46DA-BCE7-6FA20929ABE7}.Android|Windows Phone.ActiveCfg = Release|Any CPU
		{D811E796-211A-46DA-BCE7-6FA20929ABE7}.Android|x64.ActiveCfg = Release|Any CPU
		{D811E796-211A-46DA-BCE7-6FA20929ABE7}.Android|x86.ActiveCfg = Release|Any CPU
		{D811E796-211A-46DA-BCE7-6FA20929ABE7}.Debug|Any CPU.ActiveCfg = Debug|Any CPU
		{D811E796-211A-46DA-BCE7-6FA20929ABE7}.Debug|Any CPU.Build.0 = Debug|Any CPU
		{D811E796-211A-46DA-BCE7-6FA20929ABE7}.Debug|ARM.ActiveCfg = Debug|Any CPU
		{D811E796-211A-46DA-BCE7-6FA20929ABE7}.Debug|Mixed Platforms.ActiveCfg = Debug|Any CPU
		{D811E796-211A-46DA-BCE7-6FA20929ABE7}.Debug|Mixed Platforms.Build.0 = Debug|Any CPU
		{D811E796-211A-46DA-BCE7-6FA20929ABE7}.Debug|Windows Phone.ActiveCfg = Debug|Any CPU
		{D811E796-211A-46DA-BCE7-6FA20929ABE7}.Debug|x64.ActiveCfg = Debug|Any CPU
		{D811E796-211A-46DA-BCE7-6FA20929ABE7}.Debug|x86.ActiveCfg = Debug|Any CPU
		{D811E796-211A-46DA-BCE7-6FA20929ABE7}.iOS|Any CPU.ActiveCfg = Release|Any CPU
		{D811E796-211A-46DA-BCE7-6FA20929ABE7}.iOS|Any CPU.Build.0 = Release|Any CPU
		{D811E796-211A-46DA-BCE7-6FA20929ABE7}.iOS|ARM.ActiveCfg = Release|Any CPU
		{D811E796-211A-46DA-BCE7-6FA20929ABE7}.iOS|Mixed Platforms.ActiveCfg = Release|Any CPU
		{D811E796-211A-46DA-BCE7-6FA20929ABE7}.iOS|Mixed Platforms.Build.0 = Release|Any CPU
		{D811E796-211A-46DA-BCE7-6FA20929ABE7}.iOS|Windows Phone.ActiveCfg = Release|Any CPU
		{D811E796-211A-46DA-BCE7-6FA20929ABE7}.iOS|x64.ActiveCfg = Release|Any CPU
		{D811E796-211A-46DA-BCE7-6FA20929ABE7}.iOS|x86.ActiveCfg = Release|Any CPU
		{D811E796-211A-46DA-BCE7-6FA20929ABE7}.Linux|Any CPU.ActiveCfg = Release|Any CPU
		{D811E796-211A-46DA-BCE7-6FA20929ABE7}.Linux|Any CPU.Build.0 = Release|Any CPU
		{D811E796-211A-46DA-BCE7-6FA20929ABE7}.Linux|ARM.ActiveCfg = Release|Any CPU
		{D811E796-211A-46DA-BCE7-6FA20929ABE7}.Linux|Mixed Platforms.ActiveCfg = Release|Any CPU
		{D811E796-211A-46DA-BCE7-6FA20929ABE7}.Linux|Mixed Platforms.Build.0 = Release|Any CPU
		{D811E796-211A-46DA-BCE7-6FA20929ABE7}.Linux|Windows Phone.ActiveCfg = Release|Any CPU
		{D811E796-211A-46DA-BCE7-6FA20929ABE7}.Linux|x64.ActiveCfg = Release|Any CPU
		{D811E796-211A-46DA-BCE7-6FA20929ABE7}.Linux|x86.ActiveCfg = Release|Any CPU
		{D811E796-211A-46DA-BCE7-6FA20929ABE7}.OSX|Any CPU.ActiveCfg = Release|Any CPU
		{D811E796-211A-46DA-BCE7-6FA20929ABE7}.OSX|Any CPU.Build.0 = Release|Any CPU
		{D811E796-211A-46DA-BCE7-6FA20929ABE7}.OSX|ARM.ActiveCfg = Release|Any CPU
		{D811E796-211A-46DA-BCE7-6FA20929ABE7}.OSX|Mixed Platforms.ActiveCfg = Release|Any CPU
		{D811E796-211A-46DA-BCE7-6FA20929ABE7}.OSX|Mixed Platforms.Build.0 = Release|Any CPU
		{D811E796-211A-46DA-BCE7-6FA20929ABE7}.OSX|Windows Phone.ActiveCfg = Release|Any CPU
		{D811E796-211A-46DA-BCE7-6FA20929ABE7}.OSX|x64.ActiveCfg = Release|Any CPU
		{D811E796-211A-46DA-BCE7-6FA20929ABE7}.OSX|x86.ActiveCfg = Release|Any CPU
		{D811E796-211A-46DA-BCE7-6FA20929ABE7}.PSM|Any CPU.ActiveCfg = Release|Any CPU
		{D811E796-211A-46DA-BCE7-6FA20929ABE7}.PSM|Any CPU.Build.0 = Release|Any CPU
		{D811E796-211A-46DA-BCE7-6FA20929ABE7}.PSM|ARM.ActiveCfg = Release|Any CPU
		{D811E796-211A-46DA-BCE7-6FA20929ABE7}.PSM|Mixed Platforms.ActiveCfg = Release|Any CPU
		{D811E796-211A-46DA-BCE7-6FA20929ABE7}.PSM|Mixed Platforms.Build.0 = Release|Any CPU
		{D811E796-211A-46DA-BCE7-6FA20929ABE7}.PSM|Windows Phone.ActiveCfg = Release|Any CPU
		{D811E796-211A-46DA-BCE7-6FA20929ABE7}.PSM|x64.ActiveCfg = Release|Any CPU
		{D811E796-211A-46DA-BCE7-6FA20929ABE7}.PSM|x86.ActiveCfg = Release|Any CPU
		{D811E796-211A-46DA-BCE7-6FA20929ABE7}.Release|Any CPU.ActiveCfg = Release|Any CPU
		{D811E796-211A-46DA-BCE7-6FA20929ABE7}.Release|Any CPU.Build.0 = Release|Any CPU
		{D811E796-211A-46DA-BCE7-6FA20929ABE7}.Release|ARM.ActiveCfg = Release|Any CPU
		{D811E796-211A-46DA-BCE7-6FA20929ABE7}.Release|Mixed Platforms.ActiveCfg = Release|Any CPU
		{D811E796-211A-46DA-BCE7-6FA20929ABE7}.Release|Mixed Platforms.Build.0 = Release|Any CPU
		{D811E796-211A-46DA-BCE7-6FA20929ABE7}.Release|Windows Phone.ActiveCfg = Release|Any CPU
		{D811E796-211A-46DA-BCE7-6FA20929ABE7}.Release|x64.ActiveCfg = Release|Any CPU
		{D811E796-211A-46DA-BCE7-6FA20929ABE7}.Release|x86.ActiveCfg = Release|Any CPU
		{D811E796-211A-46DA-BCE7-6FA20929ABE7}.Windows|Any CPU.ActiveCfg = Release|Any CPU
		{D811E796-211A-46DA-BCE7-6FA20929ABE7}.Windows|Any CPU.Build.0 = Release|Any CPU
		{D811E796-211A-46DA-BCE7-6FA20929ABE7}.Windows|ARM.ActiveCfg = Release|Any CPU
		{D811E796-211A-46DA-BCE7-6FA20929ABE7}.Windows|Mixed Platforms.ActiveCfg = Release|Any CPU
		{D811E796-211A-46DA-BCE7-6FA20929ABE7}.Windows|Mixed Platforms.Build.0 = Release|Any CPU
		{D811E796-211A-46DA-BCE7-6FA20929ABE7}.Windows|Windows Phone.ActiveCfg = Release|Any CPU
		{D811E796-211A-46DA-BCE7-6FA20929ABE7}.Windows|x64.ActiveCfg = Release|Any CPU
		{D811E796-211A-46DA-BCE7-6FA20929ABE7}.Windows|x86.ActiveCfg = Release|Any CPU
		{D811E796-211A-46DA-BCE7-6FA20929ABE7}.Windows8|Any CPU.ActiveCfg = Release|Any CPU
		{D811E796-211A-46DA-BCE7-6FA20929ABE7}.Windows8|Any CPU.Build.0 = Release|Any CPU
		{D811E796-211A-46DA-BCE7-6FA20929ABE7}.Windows8|ARM.ActiveCfg = Release|Any CPU
		{D811E796-211A-46DA-BCE7-6FA20929ABE7}.Windows8|Mixed Platforms.ActiveCfg = Release|Any CPU
		{D811E796-211A-46DA-BCE7-6FA20929ABE7}.Windows8|Mixed Platforms.Build.0 = Release|Any CPU
		{D811E796-211A-46DA-BCE7-6FA20929ABE7}.Windows8|Windows Phone.ActiveCfg = Release|Any CPU
		{D811E796-211A-46DA-BCE7-6FA20929ABE7}.Windows8|x64.ActiveCfg = Release|Any CPU
		{D811E796-211A-46DA-BCE7-6FA20929ABE7}.Windows8|x86.ActiveCfg = Release|Any CPU
	EndGlobalSection
	GlobalSection(SolutionProperties) = preSolution
		HideSolutionNode = FALSE
	EndGlobalSection
EndGlobal
